// !$*UTF8*$!
{
	archiveVersion = 1;
	classes = {
	};
	objectVersion = 46;
	objects = {

/* Begin PBXBuildFile section */
		01EE2A02E8BC6FDCCEA20DB2 /* PrivacyInfo.xcprivacy in Resources */ = {isa = PBXBuildFile; fileRef = F248552B8A5AD5660CF24CF7 /* PrivacyInfo.xcprivacy */; };
		0995C9815BD1438D0B54FB0A /* AudioEngine.framework in Frameworks */ = {isa = PBXBuildFile; fileRef = 67DCB4E469D127C8B434CC6E /* AudioEngine.framework */; };
		0A6508FD10A46F6150C40C85 /* RhythmModel.framework in Frameworks */ = {isa = PBXBuildFile; fileRef = F5B48C819425F30C5A95D10C /* RhythmModel.framework */; };
		140EFB9588FE61BC5937809F /* Foundation.framework in Frameworks */ = {isa = PBXBuildFile; fileRef = FD5383201D0262BBFAF7B54B /* Foundation.framework */; };
		1421EDCADAD59EF5F4797DF9 /* RhythmModel.framework in Frameworks */ = {isa = PBXBuildFile; fileRef = F5B48C819425F30C5A95D10C /* RhythmModel.framework */; };
		1A6240D4F64AEEB8803E30F4 /* RhythmModel.framework in Frameworks */ = {isa = PBXBuildFile; fileRef = F5B48C819425F30C5A95D10C /* RhythmModel.framework */; };
		2708B8FD6F889904A51DC5E5 /* Persistence.framework in Embed Frameworks */ = {isa = PBXBuildFile; fileRef = F74234D3820E0555E2FE8DF2 /* Persistence.framework */; settings = {ATTRIBUTES = (CodeSignOnCopy, RemoveHeadersOnCopy, ); }; };
		2D97DEC109122C9975DF0129 /* Foundation.framework in Frameworks */ = {isa = PBXBuildFile; fileRef = FD5383201D0262BBFAF7B54B /* Foundation.framework */; };
		33C9CCC172C0B27B3A179AEC /* RhythmModel.swift in Sources */ = {isa = PBXBuildFile; fileRef = B98E55608A2F6C82CF205694 /* RhythmModel.swift */; };
		37F07AE44912A60B31A92784 /* Assets.xcassets in Resources */ = {isa = PBXBuildFile; fileRef = 63E4684F65148B44FC0376B5 /* Assets.xcassets */; };
		38BBD59FC973428C06532BFE /* RhythmModel.framework in Frameworks */ = {isa = PBXBuildFile; fileRef = F5B48C819425F30C5A95D10C /* RhythmModel.framework */; };
		38BFAE1DDC33360EE2A4FF45 /* MetronomeAudioEngine.swift in Sources */ = {isa = PBXBuildFile; fileRef = 78BBEB20D31C5A430C0ECC56 /* MetronomeAudioEngine.swift */; };
		4EDA01B6A1B9886E51346D34 /* Foundation.framework in Frameworks */ = {isa = PBXBuildFile; fileRef = FD5383201D0262BBFAF7B54B /* Foundation.framework */; };
		57441F9D50BB105F9F35CE06 /* MetronomeLaunchUITests.swift in Sources */ = {isa = PBXBuildFile; fileRef = DBA0CF3FE5625AA48B1DDAEC /* MetronomeLaunchUITests.swift */; };
		5D1BFFFA7AD67F930566D6F7 /* AudioEngine.framework in Embed Frameworks */ = {isa = PBXBuildFile; fileRef = 67DCB4E469D127C8B434CC6E /* AudioEngine.framework */; settings = {ATTRIBUTES = (CodeSignOnCopy, RemoveHeadersOnCopy, ); }; };
		5E1F013995739C85C6E04831 /* Persistence.framework in Frameworks */ = {isa = PBXBuildFile; fileRef = F74234D3820E0555E2FE8DF2 /* Persistence.framework */; };
		72201608DDC9B5DAC78ADB8D /* Foundation.framework in Frameworks */ = {isa = PBXBuildFile; fileRef = FD5383201D0262BBFAF7B54B /* Foundation.framework */; };
		7514FB830589CD9204296D73 /* Foundation.framework in Frameworks */ = {isa = PBXBuildFile; fileRef = FD5383201D0262BBFAF7B54B /* Foundation.framework */; };
		807E5806B6131D2807CF91E1 /* RhythmModel.framework in Frameworks */ = {isa = PBXBuildFile; fileRef = F5B48C819425F30C5A95D10C /* RhythmModel.framework */; };
		932EC0BD19D78F03D5512DE8 /* AudioEngine.framework in Frameworks */ = {isa = PBXBuildFile; fileRef = 67DCB4E469D127C8B434CC6E /* AudioEngine.framework */; };
		9470B8041787E11EA87C7461 /* PersistenceTests.swift in Sources */ = {isa = PBXBuildFile; fileRef = BBBF636B57EC22EC82F21EAD /* PersistenceTests.swift */; };
		9B2792C83C18547A0EB7F375 /* MetronomeApp.swift in Sources */ = {isa = PBXBuildFile; fileRef = 3B60A4723BBCA4B3B02582CB /* MetronomeApp.swift */; };
		9BD918A03FF81CFEBB635F1F /* RhythmModel.framework in Frameworks */ = {isa = PBXBuildFile; fileRef = F5B48C819425F30C5A95D10C /* RhythmModel.framework */; };
		9E85524DC619F6C50C08EE82 /* Foundation.framework in Frameworks */ = {isa = PBXBuildFile; fileRef = FD5383201D0262BBFAF7B54B /* Foundation.framework */; };
		AAAE8555B12D5ED1C0D34A1E /* RhythmModelTests.swift in Sources */ = {isa = PBXBuildFile; fileRef = 4C61A32183DF56BC16022A77 /* RhythmModelTests.swift */; };
		B66DC09440BE3A1A1BCF4439 /* AudioEngineTests.swift in Sources */ = {isa = PBXBuildFile; fileRef = BCA9FB8CFE9088168007B92F /* AudioEngineTests.swift */; };
		C2826EEA7B2776F49451D878 /* AudioEngine.framework in Frameworks */ = {isa = PBXBuildFile; fileRef = 67DCB4E469D127C8B434CC6E /* AudioEngine.framework */; };
		C4F9C7B32B3A9EC14F62DD00 /* Foundation.framework in Frameworks */ = {isa = PBXBuildFile; fileRef = FD5383201D0262BBFAF7B54B /* Foundation.framework */; };
		C5555C8555F35113081AA174 /* AudioEngine.framework in Frameworks */ = {isa = PBXBuildFile; fileRef = 67DCB4E469D127C8B434CC6E /* AudioEngine.framework */; };
		C64A063546BF892BC6A5258C /* Persistence.framework in Frameworks */ = {isa = PBXBuildFile; fileRef = F74234D3820E0555E2FE8DF2 /* Persistence.framework */; };
		CF720DCEC877F277F6E27855 /* MainMetronomeView.swift in Sources */ = {isa = PBXBuildFile; fileRef = 24F393170F54181B28BB4941 /* MainMetronomeView.swift */; };
		DEDEBA0B5E9152EB872E5A2E /* MetronomeLibraryStore.swift in Sources */ = {isa = PBXBuildFile; fileRef = 21DCEE6A3D7A5A3DDC697B0D /* MetronomeLibraryStore.swift */; };
		EE713A2EFD44A0DBE97CE8D0 /* Foundation.framework in Frameworks */ = {isa = PBXBuildFile; fileRef = FD5383201D0262BBFAF7B54B /* Foundation.framework */; };
		F36094CC95A41D49B29E5C9C /* RhythmModel.framework in Embed Frameworks */ = {isa = PBXBuildFile; fileRef = F5B48C819425F30C5A95D10C /* RhythmModel.framework */; settings = {ATTRIBUTES = (CodeSignOnCopy, RemoveHeadersOnCopy, ); }; };
/* End PBXBuildFile section */

/* Begin PBXContainerItemProxy section */
		02C09C80CE6698B9C37608B4 /* PBXContainerItemProxy */ = {
			isa = PBXContainerItemProxy;
			containerPortal = 2293D509EA9569146CDA53F3 /* Project object */;
			proxyType = 1;
			remoteGlobalIDString = 07DA75014B02EFFE2BB8F3DA;
			remoteInfo = RhythmModel;
		};
		2DB0B1F26EE46B1AB2C2666F /* PBXContainerItemProxy */ = {
			isa = PBXContainerItemProxy;
			containerPortal = 2293D509EA9569146CDA53F3 /* Project object */;
			proxyType = 1;
			remoteGlobalIDString = 07DA75014B02EFFE2BB8F3DA;
			remoteInfo = RhythmModel;
		};
		392F1045847E301E75DE418E /* PBXContainerItemProxy */ = {
			isa = PBXContainerItemProxy;
			containerPortal = 2293D509EA9569146CDA53F3 /* Project object */;
			proxyType = 1;
			remoteGlobalIDString = 5C5A0A1E7F96F9505ADCE8B4;
			remoteInfo = AudioEngine;
		};
		4AE5BACEE508A9A24B6B02AC /* PBXContainerItemProxy */ = {
			isa = PBXContainerItemProxy;
			containerPortal = 2293D509EA9569146CDA53F3 /* Project object */;
			proxyType = 1;
			remoteGlobalIDString = 07DA75014B02EFFE2BB8F3DA;
			remoteInfo = RhythmModel;
		};
		8F22A77933EA1DD1D0D3025E /* PBXContainerItemProxy */ = {
			isa = PBXContainerItemProxy;
			containerPortal = 2293D509EA9569146CDA53F3 /* Project object */;
			proxyType = 1;
			remoteGlobalIDString = 879AB7017C4079FF6EF6A576;
			remoteInfo = Persistence;
		};
		BEFD376DE7BBBA100696AE20 /* PBXContainerItemProxy */ = {
			isa = PBXContainerItemProxy;
			containerPortal = 2293D509EA9569146CDA53F3 /* Project object */;
			proxyType = 1;
			remoteGlobalIDString = 5C5A0A1E7F96F9505ADCE8B4;
			remoteInfo = AudioEngine;
		};
		D020351114CC16DDA591183E /* PBXContainerItemProxy */ = {
			isa = PBXContainerItemProxy;
			containerPortal = 2293D509EA9569146CDA53F3 /* Project object */;
			proxyType = 1;
			remoteGlobalIDString = 07DA75014B02EFFE2BB8F3DA;
			remoteInfo = RhythmModel;
		};
		E686C6BFF76D5DD230DD12B0 /* PBXContainerItemProxy */ = {
			isa = PBXContainerItemProxy;
			containerPortal = 2293D509EA9569146CDA53F3 /* Project object */;
			proxyType = 1;
			remoteGlobalIDString = 07DA75014B02EFFE2BB8F3DA;
			remoteInfo = RhythmModel;
		};
		E8120B632F57C085C557A7CF /* PBXContainerItemProxy */ = {
			isa = PBXContainerItemProxy;
			containerPortal = 2293D509EA9569146CDA53F3 /* Project object */;
			proxyType = 1;
			remoteGlobalIDString = 07DA75014B02EFFE2BB8F3DA;
			remoteInfo = RhythmModel;
		};
		ECDCAF875ABCF75826A71233 /* PBXContainerItemProxy */ = {
			isa = PBXContainerItemProxy;
			containerPortal = 2293D509EA9569146CDA53F3 /* Project object */;
			proxyType = 1;
			remoteGlobalIDString = 5C5A0A1E7F96F9505ADCE8B4;
			remoteInfo = AudioEngine;
		};
		F08B372E6C3B68FA29E94B20 /* PBXContainerItemProxy */ = {
			isa = PBXContainerItemProxy;
			containerPortal = 2293D509EA9569146CDA53F3 /* Project object */;
			proxyType = 1;
			remoteGlobalIDString = 879AB7017C4079FF6EF6A576;
			remoteInfo = Persistence;
		};
		F13D9F266B7139F8D2779EF0 /* PBXContainerItemProxy */ = {
			isa = PBXContainerItemProxy;
			containerPortal = 2293D509EA9569146CDA53F3 /* Project object */;
			proxyType = 1;
			remoteGlobalIDString = 5C5A0A1E7F96F9505ADCE8B4;
			remoteInfo = AudioEngine;
		};
		FA5C9D2A74C3355DE14C0D51 /* PBXContainerItemProxy */ = {
			isa = PBXContainerItemProxy;
			containerPortal = 2293D509EA9569146CDA53F3 /* Project object */;
			proxyType = 1;
			remoteGlobalIDString = 7A621DFC8C1457435FB0CBFD;
			remoteInfo = Metronome;
		};
/* End PBXContainerItemProxy section */

/* Begin PBXCopyFilesBuildPhase section */
		228C857A32A838BDEC77DAF8 /* Embed Frameworks */ = {
			isa = PBXCopyFilesBuildPhase;
			buildActionMask = 2147483647;
			dstPath = "";
			dstSubfolderSpec = 10;
			files = (
				F36094CC95A41D49B29E5C9C /* RhythmModel.framework in Embed Frameworks */,
				5D1BFFFA7AD67F930566D6F7 /* AudioEngine.framework in Embed Frameworks */,
				2708B8FD6F889904A51DC5E5 /* Persistence.framework in Embed Frameworks */,
			);
			name = "Embed Frameworks";
			runOnlyForDeploymentPostprocessing = 0;
		};
/* End PBXCopyFilesBuildPhase section */

/* Begin PBXFileReference section */
		0CD88775BD37C99C608F1665 /* Metronome.app */ = {isa = PBXFileReference; explicitFileType = wrapper.application; includeInIndex = 0; path = Metronome.app; sourceTree = BUILT_PRODUCTS_DIR; };
		21DCEE6A3D7A5A3DDC697B0D /* MetronomeLibraryStore.swift */ = {isa = PBXFileReference; includeInIndex = 1; lastKnownFileType = sourcecode.swift; path = MetronomeLibraryStore.swift; sourceTree = "<group>"; };
		24F393170F54181B28BB4941 /* MainMetronomeView.swift */ = {isa = PBXFileReference; includeInIndex = 1; lastKnownFileType = sourcecode.swift; path = MainMetronomeView.swift; sourceTree = "<group>"; };
		3B60A4723BBCA4B3B02582CB /* MetronomeApp.swift */ = {isa = PBXFileReference; includeInIndex = 1; lastKnownFileType = sourcecode.swift; path = MetronomeApp.swift; sourceTree = "<group>"; };
		3F81A562C128A993B40FBDB8 /* AudioEngineTests.xctest */ = {isa = PBXFileReference; explicitFileType = wrapper.cfbundle; includeInIndex = 0; path = AudioEngineTests.xctest; sourceTree = BUILT_PRODUCTS_DIR; };
		4C61A32183DF56BC16022A77 /* RhythmModelTests.swift */ = {isa = PBXFileReference; includeInIndex = 1; lastKnownFileType = sourcecode.swift; path = RhythmModelTests.swift; sourceTree = "<group>"; };
		63E4684F65148B44FC0376B5 /* Assets.xcassets */ = {isa = PBXFileReference; includeInIndex = 1; lastKnownFileType = folder.assetcatalog; path = Assets.xcassets; sourceTree = "<group>"; };
		67DCB4E469D127C8B434CC6E /* AudioEngine.framework */ = {isa = PBXFileReference; explicitFileType = wrapper.framework; includeInIndex = 0; path = AudioEngine.framework; sourceTree = BUILT_PRODUCTS_DIR; };
		78BBEB20D31C5A430C0ECC56 /* MetronomeAudioEngine.swift */ = {isa = PBXFileReference; includeInIndex = 1; lastKnownFileType = sourcecode.swift; path = MetronomeAudioEngine.swift; sourceTree = "<group>"; };
		9F5C9D161C7F21425639CC10 /* PersistenceTests.xctest */ = {isa = PBXFileReference; explicitFileType = wrapper.cfbundle; includeInIndex = 0; path = PersistenceTests.xctest; sourceTree = BUILT_PRODUCTS_DIR; };
		A3A005D20F375A94DF2E7F28 /* Info.plist */ = {isa = PBXFileReference; includeInIndex = 1; lastKnownFileType = text.plist.xml; path = Info.plist; sourceTree = "<group>"; };
		AADE8005856856C417B6F56A /* RhythmModelTests.xctest */ = {isa = PBXFileReference; explicitFileType = wrapper.cfbundle; includeInIndex = 0; path = RhythmModelTests.xctest; sourceTree = BUILT_PRODUCTS_DIR; };
		B98E55608A2F6C82CF205694 /* RhythmModel.swift */ = {isa = PBXFileReference; includeInIndex = 1; lastKnownFileType = sourcecode.swift; path = RhythmModel.swift; sourceTree = "<group>"; };
		BBBF636B57EC22EC82F21EAD /* PersistenceTests.swift */ = {isa = PBXFileReference; includeInIndex = 1; lastKnownFileType = sourcecode.swift; path = PersistenceTests.swift; sourceTree = "<group>"; };
		BCA9FB8CFE9088168007B92F /* AudioEngineTests.swift */ = {isa = PBXFileReference; includeInIndex = 1; lastKnownFileType = sourcecode.swift; path = AudioEngineTests.swift; sourceTree = "<group>"; };
		CD36A7CB29925F37B636B270 /* MetronomeUITests.xctest */ = {isa = PBXFileReference; explicitFileType = wrapper.cfbundle; includeInIndex = 0; path = MetronomeUITests.xctest; sourceTree = BUILT_PRODUCTS_DIR; };
		DBA0CF3FE5625AA48B1DDAEC /* MetronomeLaunchUITests.swift */ = {isa = PBXFileReference; includeInIndex = 1; lastKnownFileType = sourcecode.swift; path = MetronomeLaunchUITests.swift; sourceTree = "<group>"; };
		F248552B8A5AD5660CF24CF7 /* PrivacyInfo.xcprivacy */ = {isa = PBXFileReference; includeInIndex = 1; path = PrivacyInfo.xcprivacy; sourceTree = "<group>"; };
		F5B48C819425F30C5A95D10C /* RhythmModel.framework */ = {isa = PBXFileReference; explicitFileType = wrapper.framework; includeInIndex = 0; path = RhythmModel.framework; sourceTree = BUILT_PRODUCTS_DIR; };
		F74234D3820E0555E2FE8DF2 /* Persistence.framework */ = {isa = PBXFileReference; explicitFileType = wrapper.framework; includeInIndex = 0; path = Persistence.framework; sourceTree = BUILT_PRODUCTS_DIR; };
		FD5383201D0262BBFAF7B54B /* Foundation.framework */ = {isa = PBXFileReference; lastKnownFileType = wrapper.framework; name = Foundation.framework; path = Platforms/iPhoneOS.platform/Developer/SDKs/iPhoneOS18.0.sdk/System/Library/Frameworks/Foundation.framework; sourceTree = DEVELOPER_DIR; };
/* End PBXFileReference section */

/* Begin PBXFrameworksBuildPhase section */
		1542FE690AEF822E277730CC /* Frameworks */ = {
			isa = PBXFrameworksBuildPhase;
			buildActionMask = 2147483647;
			files = (
				2D97DEC109122C9975DF0129 /* Foundation.framework in Frameworks */,
				807E5806B6131D2807CF91E1 /* RhythmModel.framework in Frameworks */,
				C2826EEA7B2776F49451D878 /* AudioEngine.framework in Frameworks */,
				5E1F013995739C85C6E04831 /* Persistence.framework in Frameworks */,
			);
			runOnlyForDeploymentPostprocessing = 0;
		};
		4850B995296D29014DA94BA5 /* Frameworks */ = {
			isa = PBXFrameworksBuildPhase;
			buildActionMask = 2147483647;
			files = (
				72201608DDC9B5DAC78ADB8D /* Foundation.framework in Frameworks */,
			);
			runOnlyForDeploymentPostprocessing = 0;
		};
		5DA173D17399D9C81790F3CB /* Frameworks */ = {
			isa = PBXFrameworksBuildPhase;
			buildActionMask = 2147483647;
			files = (
				140EFB9588FE61BC5937809F /* Foundation.framework in Frameworks */,
				38BBD59FC973428C06532BFE /* RhythmModel.framework in Frameworks */,
				0995C9815BD1438D0B54FB0A /* AudioEngine.framework in Frameworks */,
			);
			runOnlyForDeploymentPostprocessing = 0;
		};
		BBD7B169C0AF70DF5AA4ECF9 /* Frameworks */ = {
			isa = PBXFrameworksBuildPhase;
			buildActionMask = 2147483647;
			files = (
				C4F9C7B32B3A9EC14F62DD00 /* Foundation.framework in Frameworks */,
				9BD918A03FF81CFEBB635F1F /* RhythmModel.framework in Frameworks */,
				932EC0BD19D78F03D5512DE8 /* AudioEngine.framework in Frameworks */,
				C64A063546BF892BC6A5258C /* Persistence.framework in Frameworks */,
			);
			runOnlyForDeploymentPostprocessing = 0;
		};
		D4E2B63606399DDCEB58F43B /* Frameworks */ = {
			isa = PBXFrameworksBuildPhase;
			buildActionMask = 2147483647;
			files = (
				7514FB830589CD9204296D73 /* Foundation.framework in Frameworks */,
				1A6240D4F64AEEB8803E30F4 /* RhythmModel.framework in Frameworks */,
				C5555C8555F35113081AA174 /* AudioEngine.framework in Frameworks */,
			);
			runOnlyForDeploymentPostprocessing = 0;
		};
		EF58E682A2EA805E806773C2 /* Frameworks */ = {
			isa = PBXFrameworksBuildPhase;
			buildActionMask = 2147483647;
			files = (
				9E85524DC619F6C50C08EE82 /* Foundation.framework in Frameworks */,
				0A6508FD10A46F6150C40C85 /* RhythmModel.framework in Frameworks */,
			);
			runOnlyForDeploymentPostprocessing = 0;
		};
		EFF984246954DCE14484B249 /* Frameworks */ = {
			isa = PBXFrameworksBuildPhase;
			buildActionMask = 2147483647;
			files = (
				4EDA01B6A1B9886E51346D34 /* Foundation.framework in Frameworks */,
				1421EDCADAD59EF5F4797DF9 /* RhythmModel.framework in Frameworks */,
			);
			runOnlyForDeploymentPostprocessing = 0;
		};
		FCAF123E214A7FCB2D99A718 /* Frameworks */ = {
			isa = PBXFrameworksBuildPhase;
			buildActionMask = 2147483647;
			files = (
				EE713A2EFD44A0DBE97CE8D0 /* Foundation.framework in Frameworks */,
			);
			runOnlyForDeploymentPostprocessing = 0;
		};
/* End PBXFrameworksBuildPhase section */

/* Begin PBXGroup section */
		0A6ABF47ECBBFC8A2EE65F40 /* iOS */ = {
			isa = PBXGroup;
			children = (
				FD5383201D0262BBFAF7B54B /* Foundation.framework */,
			);
			name = iOS;
			sourceTree = "<group>";
		};
		218D50002C9BC9B1C0F02987 /* App */ = {
			isa = PBXGroup;
			children = (
				3B60A4723BBCA4B3B02582CB /* MetronomeApp.swift */,
				24F393170F54181B28BB4941 /* MainMetronomeView.swift */,
				A3A005D20F375A94DF2E7F28 /* Info.plist */,
				63E4684F65148B44FC0376B5 /* Assets.xcassets */,
				F248552B8A5AD5660CF24CF7 /* PrivacyInfo.xcprivacy */,
			);
			name = App;
			path = App;
			sourceTree = "<group>";
		};
		26532170B8DC69786A068A5F /* Frameworks */ = {
			isa = PBXGroup;
			children = (
				0A6ABF47ECBBFC8A2EE65F40 /* iOS */,
			);
			name = Frameworks;
			sourceTree = "<group>";
		};
		4C447AAD241254EEA0F58F79 /* Products */ = {
			isa = PBXGroup;
			children = (
				F5B48C819425F30C5A95D10C /* RhythmModel.framework */,
				67DCB4E469D127C8B434CC6E /* AudioEngine.framework */,
				F74234D3820E0555E2FE8DF2 /* Persistence.framework */,
				0CD88775BD37C99C608F1665 /* Metronome.app */,
				AADE8005856856C417B6F56A /* RhythmModelTests.xctest */,
				3F81A562C128A993B40FBDB8 /* AudioEngineTests.xctest */,
				9F5C9D161C7F21425639CC10 /* PersistenceTests.xctest */,
				CD36A7CB29925F37B636B270 /* MetronomeUITests.xctest */,
			);
			name = Products;
			sourceTree = "<group>";
		};
		4D859C0BADEE1727188C0747 /* RhythmModel */ = {
			isa = PBXGroup;
			children = (
				B98E55608A2F6C82CF205694 /* RhythmModel.swift */,
			);
			name = RhythmModel;
			path = RhythmModel;
			sourceTree = "<group>";
		};
		5177459FCB423BC022C07A19 /* AudioEngine */ = {
			isa = PBXGroup;
			children = (
				78BBEB20D31C5A430C0ECC56 /* MetronomeAudioEngine.swift */,
			);
			name = AudioEngine;
			path = AudioEngine;
			sourceTree = "<group>";
		};
		6CCE69A06BE1CBB1AD21FC12 /* AudioEngineTests */ = {
			isa = PBXGroup;
			children = (
				BCA9FB8CFE9088168007B92F /* AudioEngineTests.swift */,
			);
			name = AudioEngineTests;
			path = AudioEngineTests;
			sourceTree = "<group>";
		};
		72EBE4705AEF0164C8FC1F6E = {
			isa = PBXGroup;
			children = (
				4C447AAD241254EEA0F58F79 /* Products */,
				26532170B8DC69786A068A5F /* Frameworks */,
				218D50002C9BC9B1C0F02987 /* App */,
				BE81D1E4F4BA60F1D92EE5C2 /* Sources */,
				DE1C93AFBDEC4CD18AEC7E29 /* Tests */,
			);
			sourceTree = "<group>";
		};
		73CD805E8D82CC735ED21AAA /* Persistence */ = {
			isa = PBXGroup;
			children = (
				21DCEE6A3D7A5A3DDC697B0D /* MetronomeLibraryStore.swift */,
			);
			name = Persistence;
			path = Persistence;
			sourceTree = "<group>";
		};
		9C2756C9A0BECF53A5BBA703 /* MetronomeUITests */ = {
			isa = PBXGroup;
			children = (
				DBA0CF3FE5625AA48B1DDAEC /* MetronomeLaunchUITests.swift */,
			);
			name = MetronomeUITests;
			path = MetronomeUITests;
			sourceTree = "<group>";
		};
		BE81D1E4F4BA60F1D92EE5C2 /* Sources */ = {
			isa = PBXGroup;
			children = (
				4D859C0BADEE1727188C0747 /* RhythmModel */,
				5177459FCB423BC022C07A19 /* AudioEngine */,
				73CD805E8D82CC735ED21AAA /* Persistence */,
			);
			name = Sources;
			path = Sources;
			sourceTree = "<group>";
		};
		C13CAC7D8B120696AC876BE1 /* RhythmModelTests */ = {
			isa = PBXGroup;
			children = (
				4C61A32183DF56BC16022A77 /* RhythmModelTests.swift */,
			);
			name = RhythmModelTests;
			path = RhythmModelTests;
			sourceTree = "<group>";
		};
		DE1C93AFBDEC4CD18AEC7E29 /* Tests */ = {
			isa = PBXGroup;
			children = (
				C13CAC7D8B120696AC876BE1 /* RhythmModelTests */,
				6CCE69A06BE1CBB1AD21FC12 /* AudioEngineTests */,
				F8F320BC481F1A51083CCC86 /* PersistenceTests */,
				9C2756C9A0BECF53A5BBA703 /* MetronomeUITests */,
			);
			name = Tests;
			path = Tests;
			sourceTree = "<group>";
		};
		F8F320BC481F1A51083CCC86 /* PersistenceTests */ = {
			isa = PBXGroup;
			children = (
				BBBF636B57EC22EC82F21EAD /* PersistenceTests.swift */,
			);
			name = PersistenceTests;
			path = PersistenceTests;
			sourceTree = "<group>";
		};
/* End PBXGroup section */

/* Begin PBXHeadersBuildPhase section */
		85AC04AA6146126A136B9C59 /* Headers */ = {
			isa = PBXHeadersBuildPhase;
			buildActionMask = 2147483647;
			files = (
			);
			runOnlyForDeploymentPostprocessing = 0;
		};
		A8B2B5D2FCA5D51D44EDE3BB /* Headers */ = {
			isa = PBXHeadersBuildPhase;
			buildActionMask = 2147483647;
			files = (
			);
			runOnlyForDeploymentPostprocessing = 0;
		};
		B77C0B58E44D58DF955F3462 /* Headers */ = {
			isa = PBXHeadersBuildPhase;
			buildActionMask = 2147483647;
			files = (
			);
			runOnlyForDeploymentPostprocessing = 0;
		};
/* End PBXHeadersBuildPhase section */

/* Begin PBXNativeTarget section */
		07DA75014B02EFFE2BB8F3DA /* RhythmModel */ = {
			isa = PBXNativeTarget;
			buildConfigurationList = 987F8B725B8F26AFC52820FD /* Build configuration list for PBXNativeTarget "RhythmModel" */;
			buildPhases = (
				A8B2B5D2FCA5D51D44EDE3BB /* Headers */,
				8A33A371810571DB999BC618 /* Sources */,
				FCAF123E214A7FCB2D99A718 /* Frameworks */,
				1AFF1EA93333CF5F4B1E438E /* Resources */,
			);
			buildRules = (
			);
			dependencies = (
			);
			name = RhythmModel;
			productName = RhythmModel;
			productReference = F5B48C819425F30C5A95D10C /* RhythmModel.framework */;
			productType = "com.apple.product-type.framework";
		};
		5092BB70DF0E0CAEF37AA03A /* RhythmModelTests */ = {
			isa = PBXNativeTarget;
			buildConfigurationList = F8EC126E2DE9AF7B8183AF20 /* Build configuration list for PBXNativeTarget "RhythmModelTests" */;
			buildPhases = (
				8DE4011E5B2FC1667EA1C985 /* Sources */,
				EFF984246954DCE14484B249 /* Frameworks */,
				141785C9BA38BBBD331D187D /* Resources */,
			);
			buildRules = (
			);
			dependencies = (
				B33DAEF7AEBE81190E10AFC2 /* PBXTargetDependency */,
			);
			name = RhythmModelTests;
			productName = RhythmModelTests;
			productReference = AADE8005856856C417B6F56A /* RhythmModelTests.xctest */;
			productType = "com.apple.product-type.bundle.unit-test";
		};
		5C5A0A1E7F96F9505ADCE8B4 /* AudioEngine */ = {
			isa = PBXNativeTarget;
			buildConfigurationList = F0879FFB804AA9298AE81AD2 /* Build configuration list for PBXNativeTarget "AudioEngine" */;
			buildPhases = (
				B77C0B58E44D58DF955F3462 /* Headers */,
				5BC3F838B2BA724EB2DD50A0 /* Sources */,
				EF58E682A2EA805E806773C2 /* Frameworks */,
				7C817459BAFF08DC51CE0A30 /* Resources */,
			);
			buildRules = (
			);
			dependencies = (
				17995B724D5455839B6A6F37 /* PBXTargetDependency */,
			);
			name = AudioEngine;
			productName = AudioEngine;
			productReference = 67DCB4E469D127C8B434CC6E /* AudioEngine.framework */;
			productType = "com.apple.product-type.framework";
		};
		7A621DFC8C1457435FB0CBFD /* Metronome */ = {
			isa = PBXNativeTarget;
			buildConfigurationList = F7164E1A39C21D2C402BF0AA /* Build configuration list for PBXNativeTarget "Metronome" */;
			buildPhases = (
				8291FCD86CA95D94D8FB858A /* Sources */,
				1542FE690AEF822E277730CC /* Frameworks */,
				FE1C4BD577FB998B9C1C7C74 /* Resources */,
				228C857A32A838BDEC77DAF8 /* Embed Frameworks */,
			);
			buildRules = (
			);
			dependencies = (
				883AAB1C6F8DA09A309430C9 /* PBXTargetDependency */,
				3DDAFDE2F9220FC4375BD2A8 /* PBXTargetDependency */,
				A548BAF509483D55EF21FCB5 /* PBXTargetDependency */,
			);
			name = Metronome;
			productName = Metronome;
			productReference = 0CD88775BD37C99C608F1665 /* Metronome.app */;
			productType = "com.apple.product-type.application";
		};
		879AB7017C4079FF6EF6A576 /* Persistence */ = {
			isa = PBXNativeTarget;
			buildConfigurationList = 271386DBDDA936773E1AD73E /* Build configuration list for PBXNativeTarget "Persistence" */;
			buildPhases = (
				85AC04AA6146126A136B9C59 /* Headers */,
				68FD5E64A9EFE4248EDA5106 /* Sources */,
				5DA173D17399D9C81790F3CB /* Frameworks */,
				EE4ABA5DA40924CBF7E7F666 /* Resources */,
			);
			buildRules = (
			);
			dependencies = (
				8D5523338493685EDF34DE0C /* PBXTargetDependency */,
				694287FCC0D44C63AF767EBB /* PBXTargetDependency */,
			);
			name = Persistence;
			productName = Persistence;
			productReference = F74234D3820E0555E2FE8DF2 /* Persistence.framework */;
			productType = "com.apple.product-type.framework";
		};
		8D6849E7ACC2AF56D5BBD150 /* MetronomeUITests */ = {
			isa = PBXNativeTarget;
			buildConfigurationList = 5DD23069CD12C0197C963F3E /* Build configuration list for PBXNativeTarget "MetronomeUITests" */;
			buildPhases = (
				DCFAAF7565574057BFBC8BD9 /* Sources */,
				4850B995296D29014DA94BA5 /* Frameworks */,
				0269B0B5948A2B12E4DE56C2 /* Resources */,
			);
			buildRules = (
			);
			dependencies = (
				C705C3DAC72FB80835B391AF /* PBXTargetDependency */,
			);
			name = MetronomeUITests;
			productName = MetronomeUITests;
			productReference = CD36A7CB29925F37B636B270 /* MetronomeUITests.xctest */;
			productType = "com.apple.product-type.bundle.ui-testing";
		};
		D844CC5CC5F3B0EBAE13F6D3 /* AudioEngineTests */ = {
			isa = PBXNativeTarget;
			buildConfigurationList = C8F91AD51B929FE5FB7EA787 /* Build configuration list for PBXNativeTarget "AudioEngineTests" */;
			buildPhases = (
				FA698006E10D215446873896 /* Sources */,
				D4E2B63606399DDCEB58F43B /* Frameworks */,
				6EFAAAA2A6926033CB3C9F8A /* Resources */,
			);
			buildRules = (
			);
			dependencies = (
				CCED73FAC3526C7D82760D05 /* PBXTargetDependency */,
				F9C17369A843B0F9F755D50D /* PBXTargetDependency */,
			);
			name = AudioEngineTests;
			productName = AudioEngineTests;
			productReference = 3F81A562C128A993B40FBDB8 /* AudioEngineTests.xctest */;
			productType = "com.apple.product-type.bundle.unit-test";
		};
		E924DAD75F1114DBD27B375D /* PersistenceTests */ = {
			isa = PBXNativeTarget;
			buildConfigurationList = B3A4E9F19FD09B172BDB8279 /* Build configuration list for PBXNativeTarget "PersistenceTests" */;
			buildPhases = (
				029D387A5CE2B12CD5D440B0 /* Sources */,
				BBD7B169C0AF70DF5AA4ECF9 /* Frameworks */,
				01A3CCA265F941F90EBD3D12 /* Resources */,
			);
			buildRules = (
			);
			dependencies = (
				A7AE02F03D34B0EFA6262909 /* PBXTargetDependency */,
				663109F460346795A512BEC3 /* PBXTargetDependency */,
				52CC887E039762611FA331B2 /* PBXTargetDependency */,
			);
			name = PersistenceTests;
			productName = PersistenceTests;
			productReference = 9F5C9D161C7F21425639CC10 /* PersistenceTests.xctest */;
			productType = "com.apple.product-type.bundle.unit-test";
		};
/* End PBXNativeTarget section */

/* Begin PBXProject section */
		2293D509EA9569146CDA53F3 /* Project object */ = {
			isa = PBXProject;
			attributes = {
				LastSwiftUpdateCheck = 1600;
				LastUpgradeCheck = 1600;
				TargetAttributes = {
					8D6849E7ACC2AF56D5BBD150 = {
						TestTargetID = 7A621DFC8C1457435FB0CBFD;
					};
				};
			};
			buildConfigurationList = 6064F6DBC032904A0403D4D6 /* Build configuration list for PBXProject "Metronome" */;
			compatibilityVersion = "Xcode 3.2";
			developmentRegion = en;
			hasScannedForEncodings = 0;
			knownRegions = (
				en,
				Base,
			);
			mainGroup = 72EBE4705AEF0164C8FC1F6E;
			minimizedProjectReferenceProxies = 0;
			preferredProjectObjectVersion = 77;
			productRefGroup = 4C447AAD241254EEA0F58F79 /* Products */;
			projectDirPath = "";
			projectRoot = "";
			targets = (
				07DA75014B02EFFE2BB8F3DA /* RhythmModel */,
				5C5A0A1E7F96F9505ADCE8B4 /* AudioEngine */,
				879AB7017C4079FF6EF6A576 /* Persistence */,
				7A621DFC8C1457435FB0CBFD /* Metronome */,
				5092BB70DF0E0CAEF37AA03A /* RhythmModelTests */,
				D844CC5CC5F3B0EBAE13F6D3 /* AudioEngineTests */,
				E924DAD75F1114DBD27B375D /* PersistenceTests */,
				8D6849E7ACC2AF56D5BBD150 /* MetronomeUITests */,
			);
		};
/* End PBXProject section */

/* Begin PBXResourcesBuildPhase section */
		01A3CCA265F941F90EBD3D12 /* Resources */ = {
			isa = PBXResourcesBuildPhase;
			buildActionMask = 2147483647;
			files = (
			);
			runOnlyForDeploymentPostprocessing = 0;
		};
		0269B0B5948A2B12E4DE56C2 /* Resources */ = {
			isa = PBXResourcesBuildPhase;
			buildActionMask = 2147483647;
			files = (
			);
			runOnlyForDeploymentPostprocessing = 0;
		};
		141785C9BA38BBBD331D187D /* Resources */ = {
			isa = PBXResourcesBuildPhase;
			buildActionMask = 2147483647;
			files = (
			);
			runOnlyForDeploymentPostprocessing = 0;
		};
		1AFF1EA93333CF5F4B1E438E /* Resources */ = {
			isa = PBXResourcesBuildPhase;
			buildActionMask = 2147483647;
			files = (
			);
			runOnlyForDeploymentPostprocessing = 0;
		};
		6EFAAAA2A6926033CB3C9F8A /* Resources */ = {
			isa = PBXResourcesBuildPhase;
			buildActionMask = 2147483647;
			files = (
			);
			runOnlyForDeploymentPostprocessing = 0;
		};
		7C817459BAFF08DC51CE0A30 /* Resources */ = {
			isa = PBXResourcesBuildPhase;
			buildActionMask = 2147483647;
			files = (
			);
			runOnlyForDeploymentPostprocessing = 0;
		};
		EE4ABA5DA40924CBF7E7F666 /* Resources */ = {
			isa = PBXResourcesBuildPhase;
			buildActionMask = 2147483647;
			files = (
			);
			runOnlyForDeploymentPostprocessing = 0;
		};
		FE1C4BD577FB998B9C1C7C74 /* Resources */ = {
			isa = PBXResourcesBuildPhase;
			buildActionMask = 2147483647;
			files = (
				37F07AE44912A60B31A92784 /* Assets.xcassets in Resources */,
				01EE2A02E8BC6FDCCEA20DB2 /* PrivacyInfo.xcprivacy in Resources */,
			);
			runOnlyForDeploymentPostprocessing = 0;
		};
/* End PBXResourcesBuildPhase section */

/* Begin PBXSourcesBuildPhase section */
		029D387A5CE2B12CD5D440B0 /* Sources */ = {
			isa = PBXSourcesBuildPhase;
			buildActionMask = 2147483647;
			files = (
				9470B8041787E11EA87C7461 /* PersistenceTests.swift in Sources */,
			);
			runOnlyForDeploymentPostprocessing = 0;
		};
		5BC3F838B2BA724EB2DD50A0 /* Sources */ = {
			isa = PBXSourcesBuildPhase;
			buildActionMask = 2147483647;
			files = (
				38BFAE1DDC33360EE2A4FF45 /* MetronomeAudioEngine.swift in Sources */,
			);
			runOnlyForDeploymentPostprocessing = 0;
		};
		68FD5E64A9EFE4248EDA5106 /* Sources */ = {
			isa = PBXSourcesBuildPhase;
			buildActionMask = 2147483647;
			files = (
				DEDEBA0B5E9152EB872E5A2E /* MetronomeLibraryStore.swift in Sources */,
			);
			runOnlyForDeploymentPostprocessing = 0;
		};
		8291FCD86CA95D94D8FB858A /* Sources */ = {
			isa = PBXSourcesBuildPhase;
			buildActionMask = 2147483647;
			files = (
				9B2792C83C18547A0EB7F375 /* MetronomeApp.swift in Sources */,
				CF720DCEC877F277F6E27855 /* MainMetronomeView.swift in Sources */,
			);
			runOnlyForDeploymentPostprocessing = 0;
		};
		8A33A371810571DB999BC618 /* Sources */ = {
			isa = PBXSourcesBuildPhase;
			buildActionMask = 2147483647;
			files = (
				33C9CCC172C0B27B3A179AEC /* RhythmModel.swift in Sources */,
			);
			runOnlyForDeploymentPostprocessing = 0;
		};
		8DE4011E5B2FC1667EA1C985 /* Sources */ = {
			isa = PBXSourcesBuildPhase;
			buildActionMask = 2147483647;
			files = (
				AAAE8555B12D5ED1C0D34A1E /* RhythmModelTests.swift in Sources */,
			);
			runOnlyForDeploymentPostprocessing = 0;
		};
		DCFAAF7565574057BFBC8BD9 /* Sources */ = {
			isa = PBXSourcesBuildPhase;
			buildActionMask = 2147483647;
			files = (
				57441F9D50BB105F9F35CE06 /* MetronomeLaunchUITests.swift in Sources */,
			);
			runOnlyForDeploymentPostprocessing = 0;
		};
		FA698006E10D215446873896 /* Sources */ = {
			isa = PBXSourcesBuildPhase;
			buildActionMask = 2147483647;
			files = (
				B66DC09440BE3A1A1BCF4439 /* AudioEngineTests.swift in Sources */,
			);
			runOnlyForDeploymentPostprocessing = 0;
		};
/* End PBXSourcesBuildPhase section */

/* Begin PBXTargetDependency section */
		17995B724D5455839B6A6F37 /* PBXTargetDependency */ = {
			isa = PBXTargetDependency;
			name = RhythmModel;
			target = 07DA75014B02EFFE2BB8F3DA /* RhythmModel */;
			targetProxy = E686C6BFF76D5DD230DD12B0 /* PBXContainerItemProxy */;
		};
		3DDAFDE2F9220FC4375BD2A8 /* PBXTargetDependency */ = {
			isa = PBXTargetDependency;
			name = AudioEngine;
			target = 5C5A0A1E7F96F9505ADCE8B4 /* AudioEngine */;
			targetProxy = BEFD376DE7BBBA100696AE20 /* PBXContainerItemProxy */;
		};
		52CC887E039762611FA331B2 /* PBXTargetDependency */ = {
			isa = PBXTargetDependency;
			name = Persistence;
			target = 879AB7017C4079FF6EF6A576 /* Persistence */;
			targetProxy = F08B372E6C3B68FA29E94B20 /* PBXContainerItemProxy */;
		};
		663109F460346795A512BEC3 /* PBXTargetDependency */ = {
			isa = PBXTargetDependency;
			name = AudioEngine;
			target = 5C5A0A1E7F96F9505ADCE8B4 /* AudioEngine */;
			targetProxy = F13D9F266B7139F8D2779EF0 /* PBXContainerItemProxy */;
		};
		694287FCC0D44C63AF767EBB /* PBXTargetDependency */ = {
			isa = PBXTargetDependency;
			name = AudioEngine;
			target = 5C5A0A1E7F96F9505ADCE8B4 /* AudioEngine */;
			targetProxy = 392F1045847E301E75DE418E /* PBXContainerItemProxy */;
		};
		883AAB1C6F8DA09A309430C9 /* PBXTargetDependency */ = {
			isa = PBXTargetDependency;
			name = RhythmModel;
			target = 07DA75014B02EFFE2BB8F3DA /* RhythmModel */;
			targetProxy = 4AE5BACEE508A9A24B6B02AC /* PBXContainerItemProxy */;
		};
		8D5523338493685EDF34DE0C /* PBXTargetDependency */ = {
			isa = PBXTargetDependency;
			name = RhythmModel;
			target = 07DA75014B02EFFE2BB8F3DA /* RhythmModel */;
			targetProxy = D020351114CC16DDA591183E /* PBXContainerItemProxy */;
		};
		A548BAF509483D55EF21FCB5 /* PBXTargetDependency */ = {
			isa = PBXTargetDependency;
			name = Persistence;
			target = 879AB7017C4079FF6EF6A576 /* Persistence */;
			targetProxy = 8F22A77933EA1DD1D0D3025E /* PBXContainerItemProxy */;
		};
		A7AE02F03D34B0EFA6262909 /* PBXTargetDependency */ = {
			isa = PBXTargetDependency;
			name = RhythmModel;
			target = 07DA75014B02EFFE2BB8F3DA /* RhythmModel */;
			targetProxy = 2DB0B1F26EE46B1AB2C2666F /* PBXContainerItemProxy */;
		};
		B33DAEF7AEBE81190E10AFC2 /* PBXTargetDependency */ = {
			isa = PBXTargetDependency;
			name = RhythmModel;
			target = 07DA75014B02EFFE2BB8F3DA /* RhythmModel */;
			targetProxy = 02C09C80CE6698B9C37608B4 /* PBXContainerItemProxy */;
		};
		C705C3DAC72FB80835B391AF /* PBXTargetDependency */ = {
			isa = PBXTargetDependency;
			name = Metronome;
			target = 7A621DFC8C1457435FB0CBFD /* Metronome */;
			targetProxy = FA5C9D2A74C3355DE14C0D51 /* PBXContainerItemProxy */;
		};
		CCED73FAC3526C7D82760D05 /* PBXTargetDependency */ = {
			isa = PBXTargetDependency;
			name = RhythmModel;
			target = 07DA75014B02EFFE2BB8F3DA /* RhythmModel */;
			targetProxy = E8120B632F57C085C557A7CF /* PBXContainerItemProxy */;
		};
		F9C17369A843B0F9F755D50D /* PBXTargetDependency */ = {
			isa = PBXTargetDependency;
			name = AudioEngine;
			target = 5C5A0A1E7F96F9505ADCE8B4 /* AudioEngine */;
			targetProxy = ECDCAF875ABCF75826A71233 /* PBXContainerItemProxy */;
		};
/* End PBXTargetDependency section */

/* Begin XCBuildConfiguration section */
		1D3F81E9503C27600BF61BAA /* Debug */ = {
			isa = XCBuildConfiguration;
			buildSettings = {
				CLANG_ENABLE_OBJC_WEAK = NO;
				CODE_SIGN_STYLE = Automatic;
				CURRENT_PROJECT_VERSION = 1;
				DEVELOPMENT_TEAM = "";
				GENERATE_INFOPLIST_FILE = YES;
				IPHONEOS_DEPLOYMENT_TARGET = 17.0;
				MARKETING_VERSION = 0.1.0;
				PRODUCT_BUNDLE_IDENTIFIER = com.seanashe.metronome.uitests;
				SDKROOT = iphoneos;
				SWIFT_VERSION = 5.0;
				TEST_TARGET_NAME = Metronome;
			};
			name = Debug;
		};
		33348BEB813EA9EE4188B3E0 /* Release */ = {
			isa = XCBuildConfiguration;
			buildSettings = {
				ALWAYS_SEARCH_USER_PATHS = NO;
				CLANG_ANALYZER_NONNULL = YES;
				CLANG_ANALYZER_NUMBER_OBJECT_CONVERSION = YES_AGGRESSIVE;
				CLANG_CXX_LANGUAGE_STANDARD = "gnu++14";
				CLANG_CXX_LIBRARY = "libc++";
				CLANG_ENABLE_MODULES = YES;
				CLANG_ENABLE_OBJC_ARC = YES;
				CLANG_ENABLE_OBJC_WEAK = YES;
				CLANG_WARN_BLOCK_CAPTURE_AUTORELEASING = YES;
				CLANG_WARN_BOOL_CONVERSION = YES;
				CLANG_WARN_COMMA = YES;
				CLANG_WARN_CONSTANT_CONVERSION = YES;
				CLANG_WARN_DEPRECATED_OBJC_IMPLEMENTATIONS = YES;
				CLANG_WARN_DIRECT_OBJC_ISA_USAGE = YES_ERROR;
				CLANG_WARN_DOCUMENTATION_COMMENTS = YES;
				CLANG_WARN_EMPTY_BODY = YES;
				CLANG_WARN_ENUM_CONVERSION = YES;
				CLANG_WARN_INFINITE_RECURSION = YES;
				CLANG_WARN_INT_CONVERSION = YES;
				CLANG_WARN_NON_LITERAL_NULL_CONVERSION = YES;
				CLANG_WARN_OBJC_IMPLICIT_RETAIN_SELF = YES;
				CLANG_WARN_OBJC_LITERAL_CONVERSION = YES;
				CLANG_WARN_OBJC_ROOT_CLASS = YES_ERROR;
				CLANG_WARN_QUOTED_INCLUDE_IN_FRAMEWORK_HEADER = YES;
				CLANG_WARN_RANGE_LOOP_ANALYSIS = YES;
				CLANG_WARN_STRICT_PROTOTYPES = YES;
				CLANG_WARN_SUSPICIOUS_MOVE = YES;
				CLANG_WARN_UNGUARDED_AVAILABILITY = YES_AGGRESSIVE;
				CLANG_WARN_UNREACHABLE_CODE = YES;
				CLANG_WARN__DUPLICATE_METHOD_MATCH = YES;
				COPY_PHASE_STRIP = NO;
				DEBUG_INFORMATION_FORMAT = "dwarf-with-dsym";
				ENABLE_NS_ASSERTIONS = NO;
				ENABLE_STRICT_OBJC_MSGSEND = YES;
				GCC_C_LANGUAGE_STANDARD = gnu11;
				GCC_NO_COMMON_BLOCKS = YES;
				GCC_WARN_64_TO_32_BIT_CONVERSION = YES;
				GCC_WARN_ABOUT_RETURN_TYPE = YES_ERROR;
				GCC_WARN_UNDECLARED_SELECTOR = YES;
				GCC_WARN_UNINITIALIZED_AUTOS = YES_AGGRESSIVE;
				GCC_WARN_UNUSED_FUNCTION = YES;
				GCC_WARN_UNUSED_VARIABLE = YES;
				MTL_ENABLE_DEBUG_INFO = NO;
				MTL_FAST_MATH = YES;
				PRODUCT_NAME = "$(TARGET_NAME)";
				SWIFT_COMPILATION_MODE = wholemodule;
				SWIFT_OPTIMIZATION_LEVEL = "-O";
				SWIFT_VERSION = 5.0;
			};
			name = Release;
		};
		3C6FCE9FD8B2118F5CE43927 /* Release */ = {
			isa = XCBuildConfiguration;
			buildSettings = {
				CLANG_ENABLE_OBJC_WEAK = NO;
				CODE_SIGN_STYLE = Automatic;
				CURRENT_PROJECT_VERSION = 1;
				DEVELOPMENT_TEAM = "";
				GENERATE_INFOPLIST_FILE = YES;
				IPHONEOS_DEPLOYMENT_TARGET = 17.0;
				MARKETING_VERSION = 0.1.0;
				PRODUCT_BUNDLE_IDENTIFIER = com.seanashe.metronome.persistencetests;
				SDKROOT = iphoneos;
				SWIFT_VERSION = 5.0;
				TEST_HOST = "";
				VALIDATE_PRODUCT = YES;
			};
			name = Release;
		};
		3F4F99C00B777EB37F7F007B /* Debug */ = {
			isa = XCBuildConfiguration;
			buildSettings = {
				CLANG_ENABLE_OBJC_WEAK = NO;
				CODE_SIGN_STYLE = Automatic;
				CURRENT_PROJECT_VERSION = 1;
				DEFINES_MODULE = YES;
				DEVELOPMENT_TEAM = "";
				DYLIB_COMPATIBILITY_VERSION = 1;
				DYLIB_CURRENT_VERSION = 1;
				DYLIB_INSTALL_NAME_BASE = "@rpath";
				GENERATE_INFOPLIST_FILE = YES;
				INSTALL_PATH = "$(LOCAL_LIBRARY_DIR)/Frameworks";
				IPHONEOS_DEPLOYMENT_TARGET = 17.0;
				LD_RUNPATH_SEARCH_PATHS = "$(inherited) @executable_path/Frameworks @loader_path/Frameworks";
				MARKETING_VERSION = 0.1.0;
				PRODUCT_BUNDLE_IDENTIFIER = com.seanashe.metronome.audioengine;
				PRODUCT_NAME = "$(TARGET_NAME:c99extidentifier)";
				SDKROOT = iphoneos;
				SKIP_INSTALL = YES;
				SWIFT_VERSION = 5.0;
				TARGETED_DEVICE_FAMILY = "1,2";
				VERSIONING_SYSTEM = "apple-generic";
				VERSION_INFO_PREFIX = "";
			};
			name = Debug;
		};
		4313FE588D9DFA0F8C0D536E /* Debug */ = {
			isa = XCBuildConfiguration;
			buildSettings = {
				CLANG_ENABLE_OBJC_WEAK = NO;
				CODE_SIGN_STYLE = Automatic;
				CURRENT_PROJECT_VERSION = 1;
				DEVELOPMENT_TEAM = "";
				GENERATE_INFOPLIST_FILE = YES;
				IPHONEOS_DEPLOYMENT_TARGET = 17.0;
				MARKETING_VERSION = 0.1.0;
				PRODUCT_BUNDLE_IDENTIFIER = com.seanashe.metronome.rhythmmodeltests;
				SDKROOT = iphoneos;
				SWIFT_VERSION = 5.0;
				TEST_HOST = "";
			};
			name = Debug;
		};
		4D527588BC2125A8CFF9FC97 /* Release */ = {
			isa = XCBuildConfiguration;
			buildSettings = {
				ASSETCATALOG_COMPILER_APPICON_NAME = AppIcon;
				ASSETCATALOG_COMPILER_GLOBAL_ACCENT_COLOR_NAME = AccentColor;
				CLANG_ENABLE_OBJC_WEAK = NO;
				CODE_SIGN_STYLE = Automatic;
				CURRENT_PROJECT_VERSION = 1;
				DEVELOPMENT_TEAM = "";
				GENERATE_INFOPLIST_FILE = NO;
				INFOPLIST_FILE = App/Info.plist;
				IPHONEOS_DEPLOYMENT_TARGET = 17.0;
				LD_RUNPATH_SEARCH_PATHS = "$(inherited) @executable_path/Frameworks";
				MARKETING_VERSION = 0.1.0;
				PRODUCT_BUNDLE_IDENTIFIER = com.seanashe.metronome;
				PRODUCT_NAME = "Click Track";
				SDKROOT = iphoneos;
				SWIFT_VERSION = 5.0;
				TARGETED_DEVICE_FAMILY = "1,2";
				VALIDATE_PRODUCT = YES;
			};
			name = Release;
		};
		4E2576EA13199855D8B6A48C /* Release */ = {
			isa = XCBuildConfiguration;
			buildSettings = {
				CLANG_ENABLE_OBJC_WEAK = NO;
				CODE_SIGN_STYLE = Automatic;
				CURRENT_PROJECT_VERSION = 1;
				DEFINES_MODULE = YES;
				DEVELOPMENT_TEAM = "";
				DYLIB_COMPATIBILITY_VERSION = 1;
				DYLIB_CURRENT_VERSION = 1;
				DYLIB_INSTALL_NAME_BASE = "@rpath";
				GENERATE_INFOPLIST_FILE = YES;
				INSTALL_PATH = "$(LOCAL_LIBRARY_DIR)/Frameworks";
				IPHONEOS_DEPLOYMENT_TARGET = 17.0;
				LD_RUNPATH_SEARCH_PATHS = "$(inherited) @executable_path/Frameworks @loader_path/Frameworks";
				MARKETING_VERSION = 0.1.0;
				PRODUCT_BUNDLE_IDENTIFIER = com.seanashe.metronome.audioengine;
				PRODUCT_NAME = "$(TARGET_NAME:c99extidentifier)";
				SDKROOT = iphoneos;
				SKIP_INSTALL = YES;
				SWIFT_VERSION = 5.0;
				TARGETED_DEVICE_FAMILY = "1,2";
				VALIDATE_PRODUCT = YES;
				VERSIONING_SYSTEM = "apple-generic";
				VERSION_INFO_PREFIX = "";
			};
			name = Release;
		};
		5E185763D16D317F506BE822 /* Debug */ = {
			isa = XCBuildConfiguration;
			buildSettings = {
				CLANG_ENABLE_OBJC_WEAK = NO;
				CODE_SIGN_STYLE = Automatic;
				CURRENT_PROJECT_VERSION = 1;
				DEVELOPMENT_TEAM = "";
				GENERATE_INFOPLIST_FILE = YES;
				IPHONEOS_DEPLOYMENT_TARGET = 17.0;
				MARKETING_VERSION = 0.1.0;
				PRODUCT_BUNDLE_IDENTIFIER = com.seanashe.metronome.audioenginetests;
				SDKROOT = iphoneos;
				SWIFT_VERSION = 5.0;
				TEST_HOST = "";
			};
			name = Debug;
		};
		5E80892ED061FF60891C80AB /* Debug */ = {
			isa = XCBuildConfiguration;
			buildSettings = {
				ALWAYS_SEARCH_USER_PATHS = NO;
				CLANG_ANALYZER_NONNULL = YES;
				CLANG_ANALYZER_NUMBER_OBJECT_CONVERSION = YES_AGGRESSIVE;
				CLANG_CXX_LANGUAGE_STANDARD = "gnu++14";
				CLANG_CXX_LIBRARY = "libc++";
				CLANG_ENABLE_MODULES = YES;
				CLANG_ENABLE_OBJC_ARC = YES;
				CLANG_ENABLE_OBJC_WEAK = YES;
				CLANG_WARN_BLOCK_CAPTURE_AUTORELEASING = YES;
				CLANG_WARN_BOOL_CONVERSION = YES;
				CLANG_WARN_COMMA = YES;
				CLANG_WARN_CONSTANT_CONVERSION = YES;
				CLANG_WARN_DEPRECATED_OBJC_IMPLEMENTATIONS = YES;
				CLANG_WARN_DIRECT_OBJC_ISA_USAGE = YES_ERROR;
				CLANG_WARN_DOCUMENTATION_COMMENTS = YES;
				CLANG_WARN_EMPTY_BODY = YES;
				CLANG_WARN_ENUM_CONVERSION = YES;
				CLANG_WARN_INFINITE_RECURSION = YES;
				CLANG_WARN_INT_CONVERSION = YES;
				CLANG_WARN_NON_LITERAL_NULL_CONVERSION = YES;
				CLANG_WARN_OBJC_IMPLICIT_RETAIN_SELF = YES;
				CLANG_WARN_OBJC_LITERAL_CONVERSION = YES;
				CLANG_WARN_OBJC_ROOT_CLASS = YES_ERROR;
				CLANG_WARN_QUOTED_INCLUDE_IN_FRAMEWORK_HEADER = YES;
				CLANG_WARN_RANGE_LOOP_ANALYSIS = YES;
				CLANG_WARN_STRICT_PROTOTYPES = YES;
				CLANG_WARN_SUSPICIOUS_MOVE = YES;
				CLANG_WARN_UNGUARDED_AVAILABILITY = YES_AGGRESSIVE;
				CLANG_WARN_UNREACHABLE_CODE = YES;
				CLANG_WARN__DUPLICATE_METHOD_MATCH = YES;
				COPY_PHASE_STRIP = NO;
				DEBUG_INFORMATION_FORMAT = dwarf;
				ENABLE_STRICT_OBJC_MSGSEND = YES;
				ENABLE_TESTABILITY = YES;
				GCC_C_LANGUAGE_STANDARD = gnu11;
				GCC_DYNAMIC_NO_PIC = NO;
				GCC_NO_COMMON_BLOCKS = YES;
				GCC_OPTIMIZATION_LEVEL = 0;
				GCC_PREPROCESSOR_DEFINITIONS = (
					"DEBUG=1",
					"$(inherited)",
				);
				GCC_WARN_64_TO_32_BIT_CONVERSION = YES;
				GCC_WARN_ABOUT_RETURN_TYPE = YES_ERROR;
				GCC_WARN_UNDECLARED_SELECTOR = YES;
				GCC_WARN_UNINITIALIZED_AUTOS = YES_AGGRESSIVE;
				GCC_WARN_UNUSED_FUNCTION = YES;
				GCC_WARN_UNUSED_VARIABLE = YES;
				MTL_ENABLE_DEBUG_INFO = INCLUDE_SOURCE;
				MTL_FAST_MATH = YES;
				ONLY_ACTIVE_ARCH = YES;
				PRODUCT_NAME = "$(TARGET_NAME)";
				SWIFT_ACTIVE_COMPILATION_CONDITIONS = DEBUG;
				SWIFT_OPTIMIZATION_LEVEL = "-Onone";
				SWIFT_VERSION = 5.0;
			};
			name = Debug;
		};
		82723EECC86570804A378894 /* Release */ = {
			isa = XCBuildConfiguration;
			buildSettings = {
				CLANG_ENABLE_OBJC_WEAK = NO;
				CODE_SIGN_STYLE = Automatic;
				CURRENT_PROJECT_VERSION = 1;
				DEFINES_MODULE = YES;
				DEVELOPMENT_TEAM = "";
				DYLIB_COMPATIBILITY_VERSION = 1;
				DYLIB_CURRENT_VERSION = 1;
				DYLIB_INSTALL_NAME_BASE = "@rpath";
				GENERATE_INFOPLIST_FILE = YES;
				INSTALL_PATH = "$(LOCAL_LIBRARY_DIR)/Frameworks";
				IPHONEOS_DEPLOYMENT_TARGET = 17.0;
				LD_RUNPATH_SEARCH_PATHS = "$(inherited) @executable_path/Frameworks @loader_path/Frameworks";
				MARKETING_VERSION = 0.1.0;
				PRODUCT_BUNDLE_IDENTIFIER = com.seanashe.metronome.persistence;
				PRODUCT_NAME = "$(TARGET_NAME:c99extidentifier)";
				SDKROOT = iphoneos;
				SKIP_INSTALL = YES;
				SWIFT_VERSION = 5.0;
				TARGETED_DEVICE_FAMILY = "1,2";
				VALIDATE_PRODUCT = YES;
				VERSIONING_SYSTEM = "apple-generic";
				VERSION_INFO_PREFIX = "";
			};
			name = Release;
		};
		85813267AE3CA15FB93E94B0 /* Release */ = {
			isa = XCBuildConfiguration;
			buildSettings = {
				CLANG_ENABLE_OBJC_WEAK = NO;
				CODE_SIGN_STYLE = Automatic;
				CURRENT_PROJECT_VERSION = 1;
				DEVELOPMENT_TEAM = "";
				GENERATE_INFOPLIST_FILE = YES;
				IPHONEOS_DEPLOYMENT_TARGET = 17.0;
				MARKETING_VERSION = 0.1.0;
				PRODUCT_BUNDLE_IDENTIFIER = com.seanashe.metronome.rhythmmodeltests;
				SDKROOT = iphoneos;
				SWIFT_VERSION = 5.0;
				TEST_HOST = "";
				VALIDATE_PRODUCT = YES;
			};
			name = Release;
		};
		94296CA2378E4B9DC3F57F0D /* Debug */ = {
			isa = XCBuildConfiguration;
			buildSettings = {
				ASSETCATALOG_COMPILER_APPICON_NAME = AppIcon;
				ASSETCATALOG_COMPILER_GLOBAL_ACCENT_COLOR_NAME = AccentColor;
				CLANG_ENABLE_OBJC_WEAK = NO;
				CODE_SIGN_STYLE = Automatic;
				CURRENT_PROJECT_VERSION = 1;
				DEVELOPMENT_TEAM = "";
				GENERATE_INFOPLIST_FILE = NO;
				INFOPLIST_FILE = App/Info.plist;
				IPHONEOS_DEPLOYMENT_TARGET = 17.0;
				LD_RUNPATH_SEARCH_PATHS = "$(inherited) @executable_path/Frameworks";
				MARKETING_VERSION = 0.1.0;
				PRODUCT_BUNDLE_IDENTIFIER = com.seanashe.metronome;
				PRODUCT_NAME = "Click Track";
				SDKROOT = iphoneos;
				SWIFT_VERSION = 5.0;
				TARGETED_DEVICE_FAMILY = "1,2";
			};
			name = Debug;
		};
		A82958E4E31258D0DBD1B8EC /* Release */ = {
			isa = XCBuildConfiguration;
			buildSettings = {
				CLANG_ENABLE_OBJC_WEAK = NO;
				CODE_SIGN_STYLE = Automatic;
				CURRENT_PROJECT_VERSION = 1;
				DEVELOPMENT_TEAM = "";
				GENERATE_INFOPLIST_FILE = YES;
				IPHONEOS_DEPLOYMENT_TARGET = 17.0;
				MARKETING_VERSION = 0.1.0;
				PRODUCT_BUNDLE_IDENTIFIER = com.seanashe.metronome.audioenginetests;
				SDKROOT = iphoneos;
				SWIFT_VERSION = 5.0;
				TEST_HOST = "";
				VALIDATE_PRODUCT = YES;
			};
			name = Release;
		};
		AFF55E5523EB78180413B7E7 /* Debug */ = {
			isa = XCBuildConfiguration;
			buildSettings = {
				CLANG_ENABLE_OBJC_WEAK = NO;
				CODE_SIGN_STYLE = Automatic;
				CURRENT_PROJECT_VERSION = 1;
				DEFINES_MODULE = YES;
				DEVELOPMENT_TEAM = "";
				DYLIB_COMPATIBILITY_VERSION = 1;
				DYLIB_CURRENT_VERSION = 1;
				DYLIB_INSTALL_NAME_BASE = "@rpath";
				GENERATE_INFOPLIST_FILE = YES;
				INSTALL_PATH = "$(LOCAL_LIBRARY_DIR)/Frameworks";
				IPHONEOS_DEPLOYMENT_TARGET = 17.0;
				LD_RUNPATH_SEARCH_PATHS = "$(inherited) @executable_path/Frameworks @loader_path/Frameworks";
				MARKETING_VERSION = 0.1.0;
				PRODUCT_BUNDLE_IDENTIFIER = com.seanashe.metronome.persistence;
				PRODUCT_NAME = "$(TARGET_NAME:c99extidentifier)";
				SDKROOT = iphoneos;
				SKIP_INSTALL = YES;
				SWIFT_VERSION = 5.0;
				TARGETED_DEVICE_FAMILY = "1,2";
				VERSIONING_SYSTEM = "apple-generic";
				VERSION_INFO_PREFIX = "";
			};
			name = Debug;
		};
		B8DF3FCE659CC981CD0DED51 /* Release */ = {
			isa = XCBuildConfiguration;
			buildSettings = {
				CLANG_ENABLE_OBJC_WEAK = NO;
				CODE_SIGN_STYLE = Automatic;
				CURRENT_PROJECT_VERSION = 1;
				DEFINES_MODULE = YES;
				DEVELOPMENT_TEAM = "";
				DYLIB_COMPATIBILITY_VERSION = 1;
				DYLIB_CURRENT_VERSION = 1;
				DYLIB_INSTALL_NAME_BASE = "@rpath";
				GENERATE_INFOPLIST_FILE = YES;
				INSTALL_PATH = "$(LOCAL_LIBRARY_DIR)/Frameworks";
				IPHONEOS_DEPLOYMENT_TARGET = 17.0;
				LD_RUNPATH_SEARCH_PATHS = "$(inherited) @executable_path/Frameworks @loader_path/Frameworks";
				MARKETING_VERSION = 0.1.0;
				PRODUCT_BUNDLE_IDENTIFIER = com.seanashe.metronome.rhythmmodel;
				PRODUCT_NAME = "$(TARGET_NAME:c99extidentifier)";
				SDKROOT = iphoneos;
				SKIP_INSTALL = YES;
				SWIFT_VERSION = 5.0;
				TARGETED_DEVICE_FAMILY = "1,2";
				VALIDATE_PRODUCT = YES;
				VERSIONING_SYSTEM = "apple-generic";
				VERSION_INFO_PREFIX = "";
			};
			name = Release;
		};
		C0AFD70004327F9F0D11AE40 /* Release */ = {
			isa = XCBuildConfiguration;
			buildSettings = {
				CLANG_ENABLE_OBJC_WEAK = NO;
				CODE_SIGN_STYLE = Automatic;
				CURRENT_PROJECT_VERSION = 1;
				DEVELOPMENT_TEAM = "";
				GENERATE_INFOPLIST_FILE = YES;
				IPHONEOS_DEPLOYMENT_TARGET = 17.0;
				MARKETING_VERSION = 0.1.0;
				PRODUCT_BUNDLE_IDENTIFIER = com.seanashe.metronome.uitests;
				SDKROOT = iphoneos;
				SWIFT_VERSION = 5.0;
				TEST_TARGET_NAME = Metronome;
				VALIDATE_PRODUCT = YES;
			};
			name = Release;
		};
		C8CB58CCE103AF37354256C5 /* Debug */ = {
			isa = XCBuildConfiguration;
			buildSettings = {
				CLANG_ENABLE_OBJC_WEAK = NO;
				CODE_SIGN_STYLE = Automatic;
				CURRENT_PROJECT_VERSION = 1;
				DEFINES_MODULE = YES;
				DEVELOPMENT_TEAM = "";
				DYLIB_COMPATIBILITY_VERSION = 1;
				DYLIB_CURRENT_VERSION = 1;
				DYLIB_INSTALL_NAME_BASE = "@rpath";
				GENERATE_INFOPLIST_FILE = YES;
				INSTALL_PATH = "$(LOCAL_LIBRARY_DIR)/Frameworks";
				IPHONEOS_DEPLOYMENT_TARGET = 17.0;
				LD_RUNPATH_SEARCH_PATHS = "$(inherited) @executable_path/Frameworks @loader_path/Frameworks";
				MARKETING_VERSION = 0.1.0;
				PRODUCT_BUNDLE_IDENTIFIER = com.seanashe.metronome.rhythmmodel;
				PRODUCT_NAME = "$(TARGET_NAME:c99extidentifier)";
				SDKROOT = iphoneos;
				SKIP_INSTALL = YES;
				SWIFT_VERSION = 5.0;
				TARGETED_DEVICE_FAMILY = "1,2";
				VERSIONING_SYSTEM = "apple-generic";
				VERSION_INFO_PREFIX = "";
			};
			name = Debug;
		};
		DD29701025FCB7BB4F154AF7 /* Debug */ = {
			isa = XCBuildConfiguration;
			buildSettings = {
				CLANG_ENABLE_OBJC_WEAK = NO;
				CODE_SIGN_STYLE = Automatic;
				CURRENT_PROJECT_VERSION = 1;
				DEVELOPMENT_TEAM = "";
				GENERATE_INFOPLIST_FILE = YES;
				IPHONEOS_DEPLOYMENT_TARGET = 17.0;
				MARKETING_VERSION = 0.1.0;
				PRODUCT_BUNDLE_IDENTIFIER = com.seanashe.metronome.persistencetests;
				SDKROOT = iphoneos;
				SWIFT_VERSION = 5.0;
				TEST_HOST = "";
			};
			name = Debug;
		};
/* End XCBuildConfiguration section */

/* Begin XCConfigurationList section */
		271386DBDDA936773E1AD73E /* Build configuration list for PBXNativeTarget "Persistence" */ = {
			isa = XCConfigurationList;
			buildConfigurations = (
				82723EECC86570804A378894 /* Release */,
				AFF55E5523EB78180413B7E7 /* Debug */,
			);
			defaultConfigurationIsVisible = 0;
			defaultConfigurationName = Release;
		};
		5DD23069CD12C0197C963F3E /* Build configuration list for PBXNativeTarget "MetronomeUITests" */ = {
			isa = XCConfigurationList;
			buildConfigurations = (
				C0AFD70004327F9F0D11AE40 /* Release */,
				1D3F81E9503C27600BF61BAA /* Debug */,
			);
			defaultConfigurationIsVisible = 0;
			defaultConfigurationName = Release;
		};
		6064F6DBC032904A0403D4D6 /* Build configuration list for PBXProject "Metronome" */ = {
			isa = XCConfigurationList;
			buildConfigurations = (
				5E80892ED061FF60891C80AB /* Debug */,
				33348BEB813EA9EE4188B3E0 /* Release */,
			);
			defaultConfigurationIsVisible = 0;
			defaultConfigurationName = Release;
		};
		987F8B725B8F26AFC52820FD /* Build configuration list for PBXNativeTarget "RhythmModel" */ = {
			isa = XCConfigurationList;
			buildConfigurations = (
				B8DF3FCE659CC981CD0DED51 /* Release */,
				C8CB58CCE103AF37354256C5 /* Debug */,
			);
			defaultConfigurationIsVisible = 0;
			defaultConfigurationName = Release;
		};
		B3A4E9F19FD09B172BDB8279 /* Build configuration list for PBXNativeTarget "PersistenceTests" */ = {
			isa = XCConfigurationList;
			buildConfigurations = (
				3C6FCE9FD8B2118F5CE43927 /* Release */,
				DD29701025FCB7BB4F154AF7 /* Debug */,
			);
			defaultConfigurationIsVisible = 0;
			defaultConfigurationName = Release;
		};
		C8F91AD51B929FE5FB7EA787 /* Build configuration list for PBXNativeTarget "AudioEngineTests" */ = {
			isa = XCConfigurationList;
			buildConfigurations = (
				A82958E4E31258D0DBD1B8EC /* Release */,
				5E185763D16D317F506BE822 /* Debug */,
			);
			defaultConfigurationIsVisible = 0;
			defaultConfigurationName = Release;
		};
		F0879FFB804AA9298AE81AD2 /* Build configuration list for PBXNativeTarget "AudioEngine" */ = {
			isa = XCConfigurationList;
			buildConfigurations = (
				4E2576EA13199855D8B6A48C /* Release */,
				3F4F99C00B777EB37F7F007B /* Debug */,
			);
			defaultConfigurationIsVisible = 0;
			defaultConfigurationName = Release;
		};
		F7164E1A39C21D2C402BF0AA /* Build configuration list for PBXNativeTarget "Metronome" */ = {
			isa = XCConfigurationList;
			buildConfigurations = (
				4D527588BC2125A8CFF9FC97 /* Release */,
				94296CA2378E4B9DC3F57F0D /* Debug */,
			);
			defaultConfigurationIsVisible = 0;
			defaultConfigurationName = Release;
		};
		F8EC126E2DE9AF7B8183AF20 /* Build configuration list for PBXNativeTarget "RhythmModelTests" */ = {
			isa = XCConfigurationList;
			buildConfigurations = (
				85813267AE3CA15FB93E94B0 /* Release */,
				4313FE588D9DFA0F8C0D536E /* Debug */,
			);
			defaultConfigurationIsVisible = 0;
			defaultConfigurationName = Release;
		};
/* End XCConfigurationList section */
	};
	rootObject = 2293D509EA9569146CDA53F3 /* Project object */;
}
