// !$*UTF8*$!
{
	archiveVersion = 1;
	classes = {
	};
	objectVersion = 46;
	objects = {

/* Begin PBXBuildFile section */
		0001995F2BE2EFD683D17770 /* RhythmModel.framework in Frameworks */ = {isa = PBXBuildFile; fileRef = 16BE0C26751CA7291C10391E /* RhythmModel.framework */; };
		0B2F35DBDC53E7BF49538A3A /* Foundation.framework in Frameworks */ = {isa = PBXBuildFile; fileRef = D03C7A4161B245BE37FE2122 /* Foundation.framework */; };
		1EDDF5C4D40E0F86A2D09AE6 /* MetronomeLibraryStore.swift in Sources */ = {isa = PBXBuildFile; fileRef = D3DC713C60991D7F48C46979 /* MetronomeLibraryStore.swift */; };
		2B90329744658BF925FF227D /* Foundation.framework in Frameworks */ = {isa = PBXBuildFile; fileRef = D03C7A4161B245BE37FE2122 /* Foundation.framework */; };
		2C27FF5ABEC526FDFDF86803 /* MetronomeAudioEngine.swift in Sources */ = {isa = PBXBuildFile; fileRef = B3A8389514321B1BC00A96E8 /* MetronomeAudioEngine.swift */; };
		359F5FEB0DE4CBDE9D61308F /* MetronomeApp.swift in Sources */ = {isa = PBXBuildFile; fileRef = 44533A099D496514A43E5DA5 /* MetronomeApp.swift */; };
		3C75D7E9D0B9CFF06EEB2D22 /* Foundation.framework in Frameworks */ = {isa = PBXBuildFile; fileRef = D03C7A4161B245BE37FE2122 /* Foundation.framework */; };
		3E944EACB455E0E68EB20E80 /* AudioEngine.framework in Frameworks */ = {isa = PBXBuildFile; fileRef = 34EF8F4EBB0B232FF3A99E9D /* AudioEngine.framework */; };
		491CFACD877302D72ACB23C5 /* AudioEngine.framework in Frameworks */ = {isa = PBXBuildFile; fileRef = 34EF8F4EBB0B232FF3A99E9D /* AudioEngine.framework */; };
		4CE468B23A9C4E9D986ED3CE /* RhythmModel.framework in Frameworks */ = {isa = PBXBuildFile; fileRef = 16BE0C26751CA7291C10391E /* RhythmModel.framework */; };
		51BAD75C8B183531CB253321 /* RhythmModel.framework in Frameworks */ = {isa = PBXBuildFile; fileRef = 16BE0C26751CA7291C10391E /* RhythmModel.framework */; };
		69F876E54753C7F507E698CD /* MainMetronomeView.swift in Sources */ = {isa = PBXBuildFile; fileRef = B410F3C44BEA731B3E161B38 /* MainMetronomeView.swift */; };
		6AFCAA7810444C818AB97FFD /* Persistence.framework in Frameworks */ = {isa = PBXBuildFile; fileRef = F020A645F6CB544E23A64EFE /* Persistence.framework */; };
		7AC25C8D839792BC244B5ED2 /* PersistenceTests.swift in Sources */ = {isa = PBXBuildFile; fileRef = C321C3F7AA380823FD9487A5 /* PersistenceTests.swift */; };
		7EBD992B870C23CAA8D08A83 /* AudioEngine.framework in Frameworks */ = {isa = PBXBuildFile; fileRef = 34EF8F4EBB0B232FF3A99E9D /* AudioEngine.framework */; };
		81D6C85CC64171A94361AC48 /* Persistence.framework in Embed Frameworks */ = {isa = PBXBuildFile; fileRef = F020A645F6CB544E23A64EFE /* Persistence.framework */; settings = {ATTRIBUTES = (CodeSignOnCopy, RemoveHeadersOnCopy, ); }; };
		873C4B0D54B0BAFFB4A9934A /* AudioEngine.framework in Frameworks */ = {isa = PBXBuildFile; fileRef = 34EF8F4EBB0B232FF3A99E9D /* AudioEngine.framework */; };
		88B047360CB052FD680C2680 /* RhythmModel.framework in Frameworks */ = {isa = PBXBuildFile; fileRef = 16BE0C26751CA7291C10391E /* RhythmModel.framework */; };
		8AF0812F57AB163B04C7CB86 /* RhythmModel.swift in Sources */ = {isa = PBXBuildFile; fileRef = A5864167154D15B9709DBF6E /* RhythmModel.swift */; };
		97988BEC5CC2AA88F035A236 /* Persistence.framework in Frameworks */ = {isa = PBXBuildFile; fileRef = F020A645F6CB544E23A64EFE /* Persistence.framework */; };
		A5DE1CE1292D9A72D54752C4 /* AudioEngineTests.swift in Sources */ = {isa = PBXBuildFile; fileRef = 857460D784A4E1F474C60FD2 /* AudioEngineTests.swift */; };
		A65232902D881BED8E947ED3 /* AudioEngine.framework in Embed Frameworks */ = {isa = PBXBuildFile; fileRef = 34EF8F4EBB0B232FF3A99E9D /* AudioEngine.framework */; settings = {ATTRIBUTES = (CodeSignOnCopy, RemoveHeadersOnCopy, ); }; };
		ABBC168CA2C859110E5A35C3 /* RhythmModel.framework in Embed Frameworks */ = {isa = PBXBuildFile; fileRef = 16BE0C26751CA7291C10391E /* RhythmModel.framework */; settings = {ATTRIBUTES = (CodeSignOnCopy, RemoveHeadersOnCopy, ); }; };
		AF88926C597CD537D9F60D78 /* Foundation.framework in Frameworks */ = {isa = PBXBuildFile; fileRef = D03C7A4161B245BE37FE2122 /* Foundation.framework */; };
		B20CA65C2E81A81F87BA3E43 /* RhythmModel.framework in Frameworks */ = {isa = PBXBuildFile; fileRef = 16BE0C26751CA7291C10391E /* RhythmModel.framework */; };
		B3ED06DA687835EEF2EE5160 /* Assets.xcassets in Resources */ = {isa = PBXBuildFile; fileRef = 3C3DA586711BFDAFD012620D /* Assets.xcassets */; };
		B4F1FA353E89553F95B455DA /* RhythmModel.framework in Frameworks */ = {isa = PBXBuildFile; fileRef = 16BE0C26751CA7291C10391E /* RhythmModel.framework */; };
		BB27A11A3873A1AF13528C88 /* Foundation.framework in Frameworks */ = {isa = PBXBuildFile; fileRef = D03C7A4161B245BE37FE2122 /* Foundation.framework */; };
		BFD724479A8BD325223F9B1A /* Foundation.framework in Frameworks */ = {isa = PBXBuildFile; fileRef = D03C7A4161B245BE37FE2122 /* Foundation.framework */; };
		D89212211B74A718DEF3D387 /* RhythmModelTests.swift in Sources */ = {isa = PBXBuildFile; fileRef = 7663E0BDB50501327BA535A3 /* RhythmModelTests.swift */; };
		FB7BDCE2C068FC65214D8906 /* Foundation.framework in Frameworks */ = {isa = PBXBuildFile; fileRef = D03C7A4161B245BE37FE2122 /* Foundation.framework */; };
/* End PBXBuildFile section */

/* Begin PBXContainerItemProxy section */
		1ECE56F2D3912D320DEAC39E /* PBXContainerItemProxy */ = {
			isa = PBXContainerItemProxy;
			containerPortal = 562759B509C31D910CD644AF /* Project object */;
			proxyType = 1;
			remoteGlobalIDString = FD350F58D3CE465B2AFC3E84;
			remoteInfo = RhythmModel;
		};
		356F8C68ED121BC586A84AE4 /* PBXContainerItemProxy */ = {
			isa = PBXContainerItemProxy;
			containerPortal = 562759B509C31D910CD644AF /* Project object */;
			proxyType = 1;
			remoteGlobalIDString = 6EB43D6502E60F732303DFE3;
			remoteInfo = AudioEngine;
		};
		3D4D473096610ECDA58CF969 /* PBXContainerItemProxy */ = {
			isa = PBXContainerItemProxy;
			containerPortal = 562759B509C31D910CD644AF /* Project object */;
			proxyType = 1;
			remoteGlobalIDString = 6EB43D6502E60F732303DFE3;
			remoteInfo = AudioEngine;
		};
		68CAA257109400506D1B8BB1 /* PBXContainerItemProxy */ = {
			isa = PBXContainerItemProxy;
			containerPortal = 562759B509C31D910CD644AF /* Project object */;
			proxyType = 1;
			remoteGlobalIDString = FD350F58D3CE465B2AFC3E84;
			remoteInfo = RhythmModel;
		};
		7B67BB53CBA0E4EF47F4431A /* PBXContainerItemProxy */ = {
			isa = PBXContainerItemProxy;
			containerPortal = 562759B509C31D910CD644AF /* Project object */;
			proxyType = 1;
			remoteGlobalIDString = FD350F58D3CE465B2AFC3E84;
			remoteInfo = RhythmModel;
		};
		9BC6EAFD11C85A22B50BE1F6 /* PBXContainerItemProxy */ = {
			isa = PBXContainerItemProxy;
			containerPortal = 562759B509C31D910CD644AF /* Project object */;
			proxyType = 1;
			remoteGlobalIDString = 6EB43D6502E60F732303DFE3;
			remoteInfo = AudioEngine;
		};
		AC87C9A865753F4DC7437042 /* PBXContainerItemProxy */ = {
			isa = PBXContainerItemProxy;
			containerPortal = 562759B509C31D910CD644AF /* Project object */;
			proxyType = 1;
			remoteGlobalIDString = FB4ED071C857EA8059B1A87D;
			remoteInfo = Persistence;
		};
		C759856073FF029AF427B85E /* PBXContainerItemProxy */ = {
			isa = PBXContainerItemProxy;
			containerPortal = 562759B509C31D910CD644AF /* Project object */;
			proxyType = 1;
			remoteGlobalIDString = FD350F58D3CE465B2AFC3E84;
			remoteInfo = RhythmModel;
		};
		C8F0FC905510AD3781FFEE95 /* PBXContainerItemProxy */ = {
			isa = PBXContainerItemProxy;
			containerPortal = 562759B509C31D910CD644AF /* Project object */;
			proxyType = 1;
			remoteGlobalIDString = FD350F58D3CE465B2AFC3E84;
			remoteInfo = RhythmModel;
		};
		EDBDD4C9DC4E34DABDC8805C /* PBXContainerItemProxy */ = {
			isa = PBXContainerItemProxy;
			containerPortal = 562759B509C31D910CD644AF /* Project object */;
			proxyType = 1;
			remoteGlobalIDString = FD350F58D3CE465B2AFC3E84;
			remoteInfo = RhythmModel;
		};
		FB12F5BD3776F61B11D186C3 /* PBXContainerItemProxy */ = {
			isa = PBXContainerItemProxy;
			containerPortal = 562759B509C31D910CD644AF /* Project object */;
			proxyType = 1;
			remoteGlobalIDString = FB4ED071C857EA8059B1A87D;
			remoteInfo = Persistence;
		};
		FBB3293AC86198386849882F /* PBXContainerItemProxy */ = {
			isa = PBXContainerItemProxy;
			containerPortal = 562759B509C31D910CD644AF /* Project object */;
			proxyType = 1;
			remoteGlobalIDString = 6EB43D6502E60F732303DFE3;
			remoteInfo = AudioEngine;
		};
/* End PBXContainerItemProxy section */

/* Begin PBXCopyFilesBuildPhase section */
		F445C005710C00A781974FEC /* Embed Frameworks */ = {
			isa = PBXCopyFilesBuildPhase;
			buildActionMask = 2147483647;
			dstPath = "";
			dstSubfolderSpec = 10;
			files = (
				ABBC168CA2C859110E5A35C3 /* RhythmModel.framework in Embed Frameworks */,
				A65232902D881BED8E947ED3 /* AudioEngine.framework in Embed Frameworks */,
				81D6C85CC64171A94361AC48 /* Persistence.framework in Embed Frameworks */,
			);
			name = "Embed Frameworks";
			runOnlyForDeploymentPostprocessing = 0;
		};
/* End PBXCopyFilesBuildPhase section */

/* Begin PBXFileReference section */
		16BE0C26751CA7291C10391E /* RhythmModel.framework */ = {isa = PBXFileReference; explicitFileType = wrapper.framework; includeInIndex = 0; path = RhythmModel.framework; sourceTree = BUILT_PRODUCTS_DIR; };
		34EF8F4EBB0B232FF3A99E9D /* AudioEngine.framework */ = {isa = PBXFileReference; explicitFileType = wrapper.framework; includeInIndex = 0; path = AudioEngine.framework; sourceTree = BUILT_PRODUCTS_DIR; };
		3C3DA586711BFDAFD012620D /* Assets.xcassets */ = {isa = PBXFileReference; includeInIndex = 1; lastKnownFileType = folder.assetcatalog; name = Assets.xcassets; path = App/Assets.xcassets; sourceTree = "<group>"; };
		44533A099D496514A43E5DA5 /* MetronomeApp.swift */ = {isa = PBXFileReference; includeInIndex = 1; lastKnownFileType = sourcecode.swift; name = MetronomeApp.swift; path = App/MetronomeApp.swift; sourceTree = "<group>"; };
		594D83BE7916918192EB868A /* AudioEngineTests.xctest */ = {isa = PBXFileReference; explicitFileType = wrapper.cfbundle; includeInIndex = 0; path = AudioEngineTests.xctest; sourceTree = BUILT_PRODUCTS_DIR; };
		7663E0BDB50501327BA535A3 /* RhythmModelTests.swift */ = {isa = PBXFileReference; includeInIndex = 1; lastKnownFileType = sourcecode.swift; name = RhythmModelTests.swift; path = Tests/RhythmModelTests/RhythmModelTests.swift; sourceTree = "<group>"; };
		76A62B38DAE6BEF5E207C9CE /* Metronome.app */ = {isa = PBXFileReference; explicitFileType = wrapper.application; includeInIndex = 0; path = Metronome.app; sourceTree = BUILT_PRODUCTS_DIR; };
		857460D784A4E1F474C60FD2 /* AudioEngineTests.swift */ = {isa = PBXFileReference; includeInIndex = 1; lastKnownFileType = sourcecode.swift; name = AudioEngineTests.swift; path = Tests/AudioEngineTests/AudioEngineTests.swift; sourceTree = "<group>"; };
		A5864167154D15B9709DBF6E /* RhythmModel.swift */ = {isa = PBXFileReference; includeInIndex = 1; lastKnownFileType = sourcecode.swift; name = RhythmModel.swift; path = Sources/RhythmModel/RhythmModel.swift; sourceTree = "<group>"; };
		B3A8389514321B1BC00A96E8 /* MetronomeAudioEngine.swift */ = {isa = PBXFileReference; includeInIndex = 1; lastKnownFileType = sourcecode.swift; name = MetronomeAudioEngine.swift; path = Sources/AudioEngine/MetronomeAudioEngine.swift; sourceTree = "<group>"; };
		B410F3C44BEA731B3E161B38 /* MainMetronomeView.swift */ = {isa = PBXFileReference; includeInIndex = 1; lastKnownFileType = sourcecode.swift; name = MainMetronomeView.swift; path = App/MainMetronomeView.swift; sourceTree = "<group>"; };
		C321C3F7AA380823FD9487A5 /* PersistenceTests.swift */ = {isa = PBXFileReference; includeInIndex = 1; lastKnownFileType = sourcecode.swift; name = PersistenceTests.swift; path = Tests/PersistenceTests/PersistenceTests.swift; sourceTree = "<group>"; };
		D03C7A4161B245BE37FE2122 /* Foundation.framework */ = {isa = PBXFileReference; lastKnownFileType = wrapper.framework; name = Foundation.framework; path = Platforms/iPhoneOS.platform/Developer/SDKs/iPhoneOS18.0.sdk/System/Library/Frameworks/Foundation.framework; sourceTree = DEVELOPER_DIR; };
		D3DC713C60991D7F48C46979 /* MetronomeLibraryStore.swift */ = {isa = PBXFileReference; includeInIndex = 1; lastKnownFileType = sourcecode.swift; name = MetronomeLibraryStore.swift; path = Sources/Persistence/MetronomeLibraryStore.swift; sourceTree = "<group>"; };
		E752FA7C77B8E6A725256DAA /* RhythmModelTests.xctest */ = {isa = PBXFileReference; explicitFileType = wrapper.cfbundle; includeInIndex = 0; path = RhythmModelTests.xctest; sourceTree = BUILT_PRODUCTS_DIR; };
		F020A645F6CB544E23A64EFE /* Persistence.framework */ = {isa = PBXFileReference; explicitFileType = wrapper.framework; includeInIndex = 0; path = Persistence.framework; sourceTree = BUILT_PRODUCTS_DIR; };
		F7A7650396C7A92BFC8140AD /* PersistenceTests.xctest */ = {isa = PBXFileReference; explicitFileType = wrapper.cfbundle; includeInIndex = 0; path = PersistenceTests.xctest; sourceTree = BUILT_PRODUCTS_DIR; };
/* End PBXFileReference section */

/* Begin PBXFrameworksBuildPhase section */
		1B91201D68780F7592F3B0E1 /* Frameworks */ = {
			isa = PBXFrameworksBuildPhase;
			buildActionMask = 2147483647;
			files = (
				2B90329744658BF925FF227D /* Foundation.framework in Frameworks */,
				51BAD75C8B183531CB253321 /* RhythmModel.framework in Frameworks */,
			);
			runOnlyForDeploymentPostprocessing = 0;
		};
		3DED610E9E7C4C45F03770B7 /* Frameworks */ = {
			isa = PBXFrameworksBuildPhase;
			buildActionMask = 2147483647;
			files = (
				FB7BDCE2C068FC65214D8906 /* Foundation.framework in Frameworks */,
				B20CA65C2E81A81F87BA3E43 /* RhythmModel.framework in Frameworks */,
				3E944EACB455E0E68EB20E80 /* AudioEngine.framework in Frameworks */,
				97988BEC5CC2AA88F035A236 /* Persistence.framework in Frameworks */,
			);
			runOnlyForDeploymentPostprocessing = 0;
		};
		50478E8FBF4E669921F862FC /* Frameworks */ = {
			isa = PBXFrameworksBuildPhase;
			buildActionMask = 2147483647;
			files = (
				BFD724479A8BD325223F9B1A /* Foundation.framework in Frameworks */,
				4CE468B23A9C4E9D986ED3CE /* RhythmModel.framework in Frameworks */,
				491CFACD877302D72ACB23C5 /* AudioEngine.framework in Frameworks */,
				6AFCAA7810444C818AB97FFD /* Persistence.framework in Frameworks */,
			);
			runOnlyForDeploymentPostprocessing = 0;
		};
		88DFD984AB3F236CACE36379 /* Frameworks */ = {
			isa = PBXFrameworksBuildPhase;
			buildActionMask = 2147483647;
			files = (
				3C75D7E9D0B9CFF06EEB2D22 /* Foundation.framework in Frameworks */,
				0001995F2BE2EFD683D17770 /* RhythmModel.framework in Frameworks */,
				873C4B0D54B0BAFFB4A9934A /* AudioEngine.framework in Frameworks */,
			);
			runOnlyForDeploymentPostprocessing = 0;
		};
		E6BDBCDC571A98BD6E1E88BA /* Frameworks */ = {
			isa = PBXFrameworksBuildPhase;
			buildActionMask = 2147483647;
			files = (
				BB27A11A3873A1AF13528C88 /* Foundation.framework in Frameworks */,
				B4F1FA353E89553F95B455DA /* RhythmModel.framework in Frameworks */,
				7EBD992B870C23CAA8D08A83 /* AudioEngine.framework in Frameworks */,
			);
			runOnlyForDeploymentPostprocessing = 0;
		};
		F98F57B38E6EB673BCFA6EE5 /* Frameworks */ = {
			isa = PBXFrameworksBuildPhase;
			buildActionMask = 2147483647;
			files = (
				0B2F35DBDC53E7BF49538A3A /* Foundation.framework in Frameworks */,
				88B047360CB052FD680C2680 /* RhythmModel.framework in Frameworks */,
			);
			runOnlyForDeploymentPostprocessing = 0;
		};
		FDCABAF7B19CDC63FAC5D8B6 /* Frameworks */ = {
			isa = PBXFrameworksBuildPhase;
			buildActionMask = 2147483647;
			files = (
				AF88926C597CD537D9F60D78 /* Foundation.framework in Frameworks */,
			);
			runOnlyForDeploymentPostprocessing = 0;
		};
/* End PBXFrameworksBuildPhase section */

/* Begin PBXGroup section */
		15211EA9A989830163D2FB89 /* Sources */ = {
			isa = PBXGroup;
			children = (
				6496D30A6E1192DEB934F845 /* RhythmModel */,
				F9A68B6473EDC0A17E5CF466 /* AudioEngine */,
				7C6158D859A38D9C33431274 /* Persistence */,
			);
			name = Sources;
			path = Sources;
			sourceTree = "<group>";
		};
		166CA5E4A30346DF8BC4FEE2 /* App */ = {
			isa = PBXGroup;
			children = (
				44533A099D496514A43E5DA5 /* MetronomeApp.swift */,
				B410F3C44BEA731B3E161B38 /* MainMetronomeView.swift */,
				3C3DA586711BFDAFD012620D /* Assets.xcassets */,
			);
			name = App;
			path = App;
			sourceTree = "<group>";
		};
		43B7D4C920306398AA63D136 /* Products */ = {
			isa = PBXGroup;
			children = (
				16BE0C26751CA7291C10391E /* RhythmModel.framework */,
				34EF8F4EBB0B232FF3A99E9D /* AudioEngine.framework */,
				F020A645F6CB544E23A64EFE /* Persistence.framework */,
				76A62B38DAE6BEF5E207C9CE /* Metronome.app */,
				E752FA7C77B8E6A725256DAA /* RhythmModelTests.xctest */,
				594D83BE7916918192EB868A /* AudioEngineTests.xctest */,
				F7A7650396C7A92BFC8140AD /* PersistenceTests.xctest */,
			);
			name = Products;
			sourceTree = "<group>";
		};
		4979C848E6717B4E480A91F1 /* Frameworks */ = {
			isa = PBXGroup;
			children = (
				9AAB2285CED3768F2F888705 /* iOS */,
			);
			name = Frameworks;
			sourceTree = "<group>";
		};
		4BDC7E2D5998C16F9DFE98C5 = {
			isa = PBXGroup;
			children = (
				43B7D4C920306398AA63D136 /* Products */,
				4979C848E6717B4E480A91F1 /* Frameworks */,
				166CA5E4A30346DF8BC4FEE2 /* App */,
				15211EA9A989830163D2FB89 /* Sources */,
				C5F72B6BAF7528E7AB327475 /* Tests */,
			);
			sourceTree = "<group>";
		};
		618CC40A63DB73523FD471AA /* PersistenceTests */ = {
			isa = PBXGroup;
			children = (
				C321C3F7AA380823FD9487A5 /* PersistenceTests.swift */,
			);
			name = PersistenceTests;
			path = PersistenceTests;
			sourceTree = "<group>";
		};
		6496D30A6E1192DEB934F845 /* RhythmModel */ = {
			isa = PBXGroup;
			children = (
				A5864167154D15B9709DBF6E /* RhythmModel.swift */,
			);
			name = RhythmModel;
			path = RhythmModel;
			sourceTree = "<group>";
		};
		7C6158D859A38D9C33431274 /* Persistence */ = {
			isa = PBXGroup;
			children = (
				D3DC713C60991D7F48C46979 /* MetronomeLibraryStore.swift */,
			);
			name = Persistence;
			path = Persistence;
			sourceTree = "<group>";
		};
		9AAB2285CED3768F2F888705 /* iOS */ = {
			isa = PBXGroup;
			children = (
				D03C7A4161B245BE37FE2122 /* Foundation.framework */,
			);
			name = iOS;
			sourceTree = "<group>";
		};
		AA7417740632C60960EFBD7D /* RhythmModelTests */ = {
			isa = PBXGroup;
			children = (
				7663E0BDB50501327BA535A3 /* RhythmModelTests.swift */,
			);
			name = RhythmModelTests;
			path = RhythmModelTests;
			sourceTree = "<group>";
		};
		ADA8BA55F7CCC51A226DCAAD /* AudioEngineTests */ = {
			isa = PBXGroup;
			children = (
				857460D784A4E1F474C60FD2 /* AudioEngineTests.swift */,
			);
			name = AudioEngineTests;
			path = AudioEngineTests;
			sourceTree = "<group>";
		};
		C5F72B6BAF7528E7AB327475 /* Tests */ = {
			isa = PBXGroup;
			children = (
				AA7417740632C60960EFBD7D /* RhythmModelTests */,
				ADA8BA55F7CCC51A226DCAAD /* AudioEngineTests */,
				618CC40A63DB73523FD471AA /* PersistenceTests */,
			);
			name = Tests;
			path = Tests;
			sourceTree = "<group>";
		};
		F9A68B6473EDC0A17E5CF466 /* AudioEngine */ = {
			isa = PBXGroup;
			children = (
				B3A8389514321B1BC00A96E8 /* MetronomeAudioEngine.swift */,
			);
			name = AudioEngine;
			path = AudioEngine;
			sourceTree = "<group>";
		};
/* End PBXGroup section */

/* Begin PBXHeadersBuildPhase section */
		05B8B88C69E95EAB592EFB63 /* Headers */ = {
			isa = PBXHeadersBuildPhase;
			buildActionMask = 2147483647;
			files = (
			);
			runOnlyForDeploymentPostprocessing = 0;
		};
		6DACD01D2F57FECF4A63750D /* Headers */ = {
			isa = PBXHeadersBuildPhase;
			buildActionMask = 2147483647;
			files = (
			);
			runOnlyForDeploymentPostprocessing = 0;
		};
		F923E1A10E435799A467E379 /* Headers */ = {
			isa = PBXHeadersBuildPhase;
			buildActionMask = 2147483647;
			files = (
			);
			runOnlyForDeploymentPostprocessing = 0;
		};
/* End PBXHeadersBuildPhase section */

/* Begin PBXNativeTarget section */
		1DD5DB9EDB693B86193B0FEE /* Metronome */ = {
			isa = PBXNativeTarget;
			buildConfigurationList = AE529B39E42227E7527F9C9F /* Build configuration list for PBXNativeTarget "Metronome" */;
			buildPhases = (
				3D43E8072AD355FA34F3B44C /* Sources */,
				3DED610E9E7C4C45F03770B7 /* Frameworks */,
				B01BBF8AC5160169F077B3A6 /* Resources */,
				F445C005710C00A781974FEC /* Embed Frameworks */,
			);
			buildRules = (
			);
			dependencies = (
				153B2EB5BA25A6E9214BB705 /* PBXTargetDependency */,
				993F389D55DEF352C88DCD8C /* PBXTargetDependency */,
				C44495731E4406B0A6D59331 /* PBXTargetDependency */,
			);
			name = Metronome;
			productName = Metronome;
			productReference = 76A62B38DAE6BEF5E207C9CE /* Metronome.app */;
			productType = "com.apple.product-type.application";
		};
		690C18712DD6110AECAD2A73 /* AudioEngineTests */ = {
			isa = PBXNativeTarget;
			buildConfigurationList = CB5EAFC5EE68844663F2F1DC /* Build configuration list for PBXNativeTarget "AudioEngineTests" */;
			buildPhases = (
				BEAAC1BCD199E05E743E4BE8 /* Sources */,
				88DFD984AB3F236CACE36379 /* Frameworks */,
				B4AE37EF631F61D388B9FB40 /* Resources */,
			);
			buildRules = (
			);
			dependencies = (
				8C537C976B93F7959132E84B /* PBXTargetDependency */,
				54768CCBD935A705E51448F1 /* PBXTargetDependency */,
			);
			name = AudioEngineTests;
			productName = AudioEngineTests;
			productReference = 594D83BE7916918192EB868A /* AudioEngineTests.xctest */;
			productType = "com.apple.product-type.bundle.unit-test";
		};
		6EB43D6502E60F732303DFE3 /* AudioEngine */ = {
			isa = PBXNativeTarget;
			buildConfigurationList = 530FFA0EFDA122C0E1D925BD /* Build configuration list for PBXNativeTarget "AudioEngine" */;
			buildPhases = (
				05B8B88C69E95EAB592EFB63 /* Headers */,
				4E470887B577D39824E8659B /* Sources */,
				F98F57B38E6EB673BCFA6EE5 /* Frameworks */,
				5A8EC9D6BA1A12D1C7815BE0 /* Resources */,
			);
			buildRules = (
			);
			dependencies = (
				190269A0FA143E8775C26A14 /* PBXTargetDependency */,
			);
			name = AudioEngine;
			productName = AudioEngine;
			productReference = 34EF8F4EBB0B232FF3A99E9D /* AudioEngine.framework */;
			productType = "com.apple.product-type.framework";
		};
		7482E22034FEE84910B052FF /* RhythmModelTests */ = {
			isa = PBXNativeTarget;
			buildConfigurationList = AA1D8EC30BE3761D4936DE6A /* Build configuration list for PBXNativeTarget "RhythmModelTests" */;
			buildPhases = (
				8E494E6D68872F10AAFE8C12 /* Sources */,
				1B91201D68780F7592F3B0E1 /* Frameworks */,
				C1C489FC6DF0001D68D2F28A /* Resources */,
			);
			buildRules = (
			);
			dependencies = (
				C796C01A3CCCA57275ABD6DA /* PBXTargetDependency */,
			);
			name = RhythmModelTests;
			productName = RhythmModelTests;
			productReference = E752FA7C77B8E6A725256DAA /* RhythmModelTests.xctest */;
			productType = "com.apple.product-type.bundle.unit-test";
		};
		D32BCEF98C9F581590F3A8D0 /* PersistenceTests */ = {
			isa = PBXNativeTarget;
			buildConfigurationList = 252E5E00C05E7BF4BE29900E /* Build configuration list for PBXNativeTarget "PersistenceTests" */;
			buildPhases = (
				389643F43F909D4AA3CC90E4 /* Sources */,
				50478E8FBF4E669921F862FC /* Frameworks */,
				E8D018EB367D3105D881E2AF /* Resources */,
			);
			buildRules = (
			);
			dependencies = (
				18C906C5E03ED401525589E2 /* PBXTargetDependency */,
				3C81D5C49325C8C2703CB1BB /* PBXTargetDependency */,
				7FD8E42AC26E7C40CAD254A3 /* PBXTargetDependency */,
			);
			name = PersistenceTests;
			productName = PersistenceTests;
			productReference = F7A7650396C7A92BFC8140AD /* PersistenceTests.xctest */;
			productType = "com.apple.product-type.bundle.unit-test";
		};
		FB4ED071C857EA8059B1A87D /* Persistence */ = {
			isa = PBXNativeTarget;
			buildConfigurationList = 0B7153FA90E30B4D44F1F68F /* Build configuration list for PBXNativeTarget "Persistence" */;
			buildPhases = (
				6DACD01D2F57FECF4A63750D /* Headers */,
				3EDEB99ED96EB3492E6AE712 /* Sources */,
				E6BDBCDC571A98BD6E1E88BA /* Frameworks */,
				5C62D22F0B5D8627BA2DB08C /* Resources */,
			);
			buildRules = (
			);
			dependencies = (
				3D91028BB4ED9403F8B2898C /* PBXTargetDependency */,
				4AE4F90416D34562480B066F /* PBXTargetDependency */,
			);
			name = Persistence;
			productName = Persistence;
			productReference = F020A645F6CB544E23A64EFE /* Persistence.framework */;
			productType = "com.apple.product-type.framework";
		};
		FD350F58D3CE465B2AFC3E84 /* RhythmModel */ = {
			isa = PBXNativeTarget;
			buildConfigurationList = D2F5B1E9EB81B609E43FC82D /* Build configuration list for PBXNativeTarget "RhythmModel" */;
			buildPhases = (
				F923E1A10E435799A467E379 /* Headers */,
				5F948CD0ADCDFE6588A5A8CA /* Sources */,
				FDCABAF7B19CDC63FAC5D8B6 /* Frameworks */,
				B4DA7957BA11FBCD0FF53409 /* Resources */,
			);
			buildRules = (
			);
			dependencies = (
			);
			name = RhythmModel;
			productName = RhythmModel;
			productReference = 16BE0C26751CA7291C10391E /* RhythmModel.framework */;
			productType = "com.apple.product-type.framework";
		};
/* End PBXNativeTarget section */

/* Begin PBXProject section */
		562759B509C31D910CD644AF /* Project object */ = {
			isa = PBXProject;
			attributes = {
				LastSwiftUpdateCheck = 1600;
				LastUpgradeCheck = 1600;
			};
			buildConfigurationList = C8D4477B9D3F4BC1E36B1344 /* Build configuration list for PBXProject "Metronome" */;
			compatibilityVersion = "Xcode 3.2";
			developmentRegion = en;
			hasScannedForEncodings = 0;
			knownRegions = (
				en,
				Base,
			);
			mainGroup = 4BDC7E2D5998C16F9DFE98C5;
			minimizedProjectReferenceProxies = 0;
			preferredProjectObjectVersion = 77;
			productRefGroup = 43B7D4C920306398AA63D136 /* Products */;
			projectDirPath = "";
			projectRoot = "";
			targets = (
				FD350F58D3CE465B2AFC3E84 /* RhythmModel */,
				6EB43D6502E60F732303DFE3 /* AudioEngine */,
				FB4ED071C857EA8059B1A87D /* Persistence */,
				1DD5DB9EDB693B86193B0FEE /* Metronome */,
				7482E22034FEE84910B052FF /* RhythmModelTests */,
				690C18712DD6110AECAD2A73 /* AudioEngineTests */,
				D32BCEF98C9F581590F3A8D0 /* PersistenceTests */,
			);
		};
/* End PBXProject section */

/* Begin PBXResourcesBuildPhase section */
		5A8EC9D6BA1A12D1C7815BE0 /* Resources */ = {
			isa = PBXResourcesBuildPhase;
			buildActionMask = 2147483647;
			files = (
			);
			runOnlyForDeploymentPostprocessing = 0;
		};
		5C62D22F0B5D8627BA2DB08C /* Resources */ = {
			isa = PBXResourcesBuildPhase;
			buildActionMask = 2147483647;
			files = (
			);
			runOnlyForDeploymentPostprocessing = 0;
		};
		B01BBF8AC5160169F077B3A6 /* Resources */ = {
			isa = PBXResourcesBuildPhase;
			buildActionMask = 2147483647;
			files = (
				B3ED06DA687835EEF2EE5160 /* Assets.xcassets in Resources */,
			);
			runOnlyForDeploymentPostprocessing = 0;
		};
		B4AE37EF631F61D388B9FB40 /* Resources */ = {
			isa = PBXResourcesBuildPhase;
			buildActionMask = 2147483647;
			files = (
			);
			runOnlyForDeploymentPostprocessing = 0;
		};
		B4DA7957BA11FBCD0FF53409 /* Resources */ = {
			isa = PBXResourcesBuildPhase;
			buildActionMask = 2147483647;
			files = (
			);
			runOnlyForDeploymentPostprocessing = 0;
		};
		C1C489FC6DF0001D68D2F28A /* Resources */ = {
			isa = PBXResourcesBuildPhase;
			buildActionMask = 2147483647;
			files = (
			);
			runOnlyForDeploymentPostprocessing = 0;
		};
		E8D018EB367D3105D881E2AF /* Resources */ = {
			isa = PBXResourcesBuildPhase;
			buildActionMask = 2147483647;
			files = (
			);
			runOnlyForDeploymentPostprocessing = 0;
		};
/* End PBXResourcesBuildPhase section */

/* Begin PBXSourcesBuildPhase section */
		389643F43F909D4AA3CC90E4 /* Sources */ = {
			isa = PBXSourcesBuildPhase;
			buildActionMask = 2147483647;
			files = (
				7AC25C8D839792BC244B5ED2 /* PersistenceTests.swift in Sources */,
			);
			runOnlyForDeploymentPostprocessing = 0;
		};
		3D43E8072AD355FA34F3B44C /* Sources */ = {
			isa = PBXSourcesBuildPhase;
			buildActionMask = 2147483647;
			files = (
				359F5FEB0DE4CBDE9D61308F /* MetronomeApp.swift in Sources */,
				69F876E54753C7F507E698CD /* MainMetronomeView.swift in Sources */,
			);
			runOnlyForDeploymentPostprocessing = 0;
		};
		3EDEB99ED96EB3492E6AE712 /* Sources */ = {
			isa = PBXSourcesBuildPhase;
			buildActionMask = 2147483647;
			files = (
				1EDDF5C4D40E0F86A2D09AE6 /* MetronomeLibraryStore.swift in Sources */,
			);
			runOnlyForDeploymentPostprocessing = 0;
		};
		4E470887B577D39824E8659B /* Sources */ = {
			isa = PBXSourcesBuildPhase;
			buildActionMask = 2147483647;
			files = (
				2C27FF5ABEC526FDFDF86803 /* MetronomeAudioEngine.swift in Sources */,
			);
			runOnlyForDeploymentPostprocessing = 0;
		};
		5F948CD0ADCDFE6588A5A8CA /* Sources */ = {
			isa = PBXSourcesBuildPhase;
			buildActionMask = 2147483647;
			files = (
				8AF0812F57AB163B04C7CB86 /* RhythmModel.swift in Sources */,
			);
			runOnlyForDeploymentPostprocessing = 0;
		};
		8E494E6D68872F10AAFE8C12 /* Sources */ = {
			isa = PBXSourcesBuildPhase;
			buildActionMask = 2147483647;
			files = (
				D89212211B74A718DEF3D387 /* RhythmModelTests.swift in Sources */,
			);
			runOnlyForDeploymentPostprocessing = 0;
		};
		BEAAC1BCD199E05E743E4BE8 /* Sources */ = {
			isa = PBXSourcesBuildPhase;
			buildActionMask = 2147483647;
			files = (
				A5DE1CE1292D9A72D54752C4 /* AudioEngineTests.swift in Sources */,
			);
			runOnlyForDeploymentPostprocessing = 0;
		};
/* End PBXSourcesBuildPhase section */

/* Begin PBXTargetDependency section */
		153B2EB5BA25A6E9214BB705 /* PBXTargetDependency */ = {
			isa = PBXTargetDependency;
			name = RhythmModel;
			target = FD350F58D3CE465B2AFC3E84 /* RhythmModel */;
			targetProxy = 7B67BB53CBA0E4EF47F4431A /* PBXContainerItemProxy */;
		};
		18C906C5E03ED401525589E2 /* PBXTargetDependency */ = {
			isa = PBXTargetDependency;
			name = RhythmModel;
			target = FD350F58D3CE465B2AFC3E84 /* RhythmModel */;
			targetProxy = EDBDD4C9DC4E34DABDC8805C /* PBXContainerItemProxy */;
		};
		190269A0FA143E8775C26A14 /* PBXTargetDependency */ = {
			isa = PBXTargetDependency;
			name = RhythmModel;
			target = FD350F58D3CE465B2AFC3E84 /* RhythmModel */;
			targetProxy = 68CAA257109400506D1B8BB1 /* PBXContainerItemProxy */;
		};
		3C81D5C49325C8C2703CB1BB /* PBXTargetDependency */ = {
			isa = PBXTargetDependency;
			name = AudioEngine;
			target = 6EB43D6502E60F732303DFE3 /* AudioEngine */;
			targetProxy = 356F8C68ED121BC586A84AE4 /* PBXContainerItemProxy */;
		};
		3D91028BB4ED9403F8B2898C /* PBXTargetDependency */ = {
			isa = PBXTargetDependency;
			name = RhythmModel;
			target = FD350F58D3CE465B2AFC3E84 /* RhythmModel */;
			targetProxy = C8F0FC905510AD3781FFEE95 /* PBXContainerItemProxy */;
		};
		4AE4F90416D34562480B066F /* PBXTargetDependency */ = {
			isa = PBXTargetDependency;
			name = AudioEngine;
			target = 6EB43D6502E60F732303DFE3 /* AudioEngine */;
			targetProxy = 9BC6EAFD11C85A22B50BE1F6 /* PBXContainerItemProxy */;
		};
		54768CCBD935A705E51448F1 /* PBXTargetDependency */ = {
			isa = PBXTargetDependency;
			name = AudioEngine;
			target = 6EB43D6502E60F732303DFE3 /* AudioEngine */;
			targetProxy = FBB3293AC86198386849882F /* PBXContainerItemProxy */;
		};
		7FD8E42AC26E7C40CAD254A3 /* PBXTargetDependency */ = {
			isa = PBXTargetDependency;
			name = Persistence;
			target = FB4ED071C857EA8059B1A87D /* Persistence */;
			targetProxy = FB12F5BD3776F61B11D186C3 /* PBXContainerItemProxy */;
		};
		8C537C976B93F7959132E84B /* PBXTargetDependency */ = {
			isa = PBXTargetDependency;
			name = RhythmModel;
			target = FD350F58D3CE465B2AFC3E84 /* RhythmModel */;
			targetProxy = C759856073FF029AF427B85E /* PBXContainerItemProxy */;
		};
		993F389D55DEF352C88DCD8C /* PBXTargetDependency */ = {
			isa = PBXTargetDependency;
			name = AudioEngine;
			target = 6EB43D6502E60F732303DFE3 /* AudioEngine */;
			targetProxy = 3D4D473096610ECDA58CF969 /* PBXContainerItemProxy */;
		};
		C44495731E4406B0A6D59331 /* PBXTargetDependency */ = {
			isa = PBXTargetDependency;
			name = Persistence;
			target = FB4ED071C857EA8059B1A87D /* Persistence */;
			targetProxy = AC87C9A865753F4DC7437042 /* PBXContainerItemProxy */;
		};
		C796C01A3CCCA57275ABD6DA /* PBXTargetDependency */ = {
			isa = PBXTargetDependency;
			name = RhythmModel;
			target = FD350F58D3CE465B2AFC3E84 /* RhythmModel */;
			targetProxy = 1ECE56F2D3912D320DEAC39E /* PBXContainerItemProxy */;
		};
/* End PBXTargetDependency section */

/* Begin XCBuildConfiguration section */
		1F099B309FB032352592D8EA /* Debug */ = {
			isa = XCBuildConfiguration;
			buildSettings = {
				ASSETCATALOG_COMPILER_APPICON_NAME = AppIcon;
				ASSETCATALOG_COMPILER_GLOBAL_ACCENT_COLOR_NAME = AccentColor;
				CLANG_ENABLE_OBJC_WEAK = NO;
				CODE_SIGN_STYLE = Automatic;
				CURRENT_PROJECT_VERSION = 1;
				DEVELOPMENT_TEAM = "";
				GENERATE_INFOPLIST_FILE = YES;
				INFOPLIST_KEY_CFBundleDisplayName = Pulsecraft;
				INFOPLIST_KEY_LSApplicationCategoryType = "public.app-category.music";
				INFOPLIST_KEY_NSHumanReadableCopyright = "Copyright © 2026 Sean Ashe Music";
				INFOPLIST_KEY_UIApplicationSupportsIndirectInputEvents = YES;
				INFOPLIST_KEY_UILaunchScreen_Generation = YES;
				INFOPLIST_KEY_UISupportedInterfaceOrientations = UIInterfaceOrientationPortrait;
				INFOPLIST_KEY_UISupportedInterfaceOrientations_iPad = "UIInterfaceOrientationPortrait UIInterfaceOrientationPortraitUpsideDown UIInterfaceOrientationLandscapeLeft UIInterfaceOrientationLandscapeRight";
				IPHONEOS_DEPLOYMENT_TARGET = 17.0;
				LD_RUNPATH_SEARCH_PATHS = "$(inherited) @executable_path/Frameworks";
				MARKETING_VERSION = 0.1.0;
				PRODUCT_BUNDLE_IDENTIFIER = com.seanashe.metronome;
				PRODUCT_NAME = Pulsecraft;
				SDKROOT = iphoneos;
				SWIFT_VERSION = 5.0;
				TARGETED_DEVICE_FAMILY = "1,2";
			};
			name = Debug;
		};
		219105D633A5AE381404713E /* Release */ = {
			isa = XCBuildConfiguration;
			buildSettings = {
				CLANG_ENABLE_OBJC_WEAK = NO;
				CODE_SIGN_STYLE = Automatic;
				CURRENT_PROJECT_VERSION = 1;
				DEVELOPMENT_TEAM = "";
				GENERATE_INFOPLIST_FILE = YES;
				IPHONEOS_DEPLOYMENT_TARGET = 17.0;
				MARKETING_VERSION = 0.1.0;
				PRODUCT_BUNDLE_IDENTIFIER = com.seanashe.metronome.persistencetests;
				SDKROOT = iphoneos;
				SWIFT_VERSION = 5.0;
				TEST_HOST = "";
				VALIDATE_PRODUCT = YES;
			};
			name = Release;
		};
		28F30AF3BBAF1CDE54098992 /* Debug */ = {
			isa = XCBuildConfiguration;
			buildSettings = {
				CLANG_ENABLE_OBJC_WEAK = NO;
				CODE_SIGN_STYLE = Automatic;
				CURRENT_PROJECT_VERSION = 1;
				DEFINES_MODULE = YES;
				DEVELOPMENT_TEAM = "";
				DYLIB_COMPATIBILITY_VERSION = 1;
				DYLIB_CURRENT_VERSION = 1;
				DYLIB_INSTALL_NAME_BASE = "@rpath";
				GENERATE_INFOPLIST_FILE = YES;
				INSTALL_PATH = "$(LOCAL_LIBRARY_DIR)/Frameworks";
				IPHONEOS_DEPLOYMENT_TARGET = 17.0;
				LD_RUNPATH_SEARCH_PATHS = "$(inherited) @executable_path/Frameworks @loader_path/Frameworks";
				MARKETING_VERSION = 0.1.0;
				PRODUCT_BUNDLE_IDENTIFIER = com.seanashe.metronome.audioengine;
				PRODUCT_NAME = "$(TARGET_NAME:c99extidentifier)";
				SDKROOT = iphoneos;
				SKIP_INSTALL = YES;
				SWIFT_VERSION = 5.0;
				TARGETED_DEVICE_FAMILY = "1,2";
				VERSIONING_SYSTEM = "apple-generic";
				VERSION_INFO_PREFIX = "";
			};
			name = Debug;
		};
		4DFF25F47251715D9E9878E5 /* Release */ = {
			isa = XCBuildConfiguration;
			buildSettings = {
				CLANG_ENABLE_OBJC_WEAK = NO;
				CODE_SIGN_STYLE = Automatic;
				CURRENT_PROJECT_VERSION = 1;
				DEVELOPMENT_TEAM = "";
				GENERATE_INFOPLIST_FILE = YES;
				IPHONEOS_DEPLOYMENT_TARGET = 17.0;
				MARKETING_VERSION = 0.1.0;
				PRODUCT_BUNDLE_IDENTIFIER = com.seanashe.metronome.rhythmmodeltests;
				SDKROOT = iphoneos;
				SWIFT_VERSION = 5.0;
				TEST_HOST = "";
				VALIDATE_PRODUCT = YES;
			};
			name = Release;
		};
		560D84936D2835ACC95C761C /* Release */ = {
			isa = XCBuildConfiguration;
			buildSettings = {
				CLANG_ENABLE_OBJC_WEAK = NO;
				CODE_SIGN_STYLE = Automatic;
				CURRENT_PROJECT_VERSION = 1;
				DEVELOPMENT_TEAM = "";
				GENERATE_INFOPLIST_FILE = YES;
				IPHONEOS_DEPLOYMENT_TARGET = 17.0;
				MARKETING_VERSION = 0.1.0;
				PRODUCT_BUNDLE_IDENTIFIER = com.seanashe.metronome.audioenginetests;
				SDKROOT = iphoneos;
				SWIFT_VERSION = 5.0;
				TEST_HOST = "";
				VALIDATE_PRODUCT = YES;
			};
			name = Release;
		};
		596E40EE98B2D2E0D1973334 /* Release */ = {
			isa = XCBuildConfiguration;
			buildSettings = {
				CLANG_ENABLE_OBJC_WEAK = NO;
				CODE_SIGN_STYLE = Automatic;
				CURRENT_PROJECT_VERSION = 1;
				DEFINES_MODULE = YES;
				DEVELOPMENT_TEAM = "";
				DYLIB_COMPATIBILITY_VERSION = 1;
				DYLIB_CURRENT_VERSION = 1;
				DYLIB_INSTALL_NAME_BASE = "@rpath";
				GENERATE_INFOPLIST_FILE = YES;
				INSTALL_PATH = "$(LOCAL_LIBRARY_DIR)/Frameworks";
				IPHONEOS_DEPLOYMENT_TARGET = 17.0;
				LD_RUNPATH_SEARCH_PATHS = "$(inherited) @executable_path/Frameworks @loader_path/Frameworks";
				MARKETING_VERSION = 0.1.0;
				PRODUCT_BUNDLE_IDENTIFIER = com.seanashe.metronome.audioengine;
				PRODUCT_NAME = "$(TARGET_NAME:c99extidentifier)";
				SDKROOT = iphoneos;
				SKIP_INSTALL = YES;
				SWIFT_VERSION = 5.0;
				TARGETED_DEVICE_FAMILY = "1,2";
				VALIDATE_PRODUCT = YES;
				VERSIONING_SYSTEM = "apple-generic";
				VERSION_INFO_PREFIX = "";
			};
			name = Release;
		};
		6B9A538040C9E162292CDCD1 /* Debug */ = {
			isa = XCBuildConfiguration;
			buildSettings = {
				CLANG_ENABLE_OBJC_WEAK = NO;
				CODE_SIGN_STYLE = Automatic;
				CURRENT_PROJECT_VERSION = 1;
				DEFINES_MODULE = YES;
				DEVELOPMENT_TEAM = "";
				DYLIB_COMPATIBILITY_VERSION = 1;
				DYLIB_CURRENT_VERSION = 1;
				DYLIB_INSTALL_NAME_BASE = "@rpath";
				GENERATE_INFOPLIST_FILE = YES;
				INSTALL_PATH = "$(LOCAL_LIBRARY_DIR)/Frameworks";
				IPHONEOS_DEPLOYMENT_TARGET = 17.0;
				LD_RUNPATH_SEARCH_PATHS = "$(inherited) @executable_path/Frameworks @loader_path/Frameworks";
				MARKETING_VERSION = 0.1.0;
				PRODUCT_BUNDLE_IDENTIFIER = com.seanashe.metronome.persistence;
				PRODUCT_NAME = "$(TARGET_NAME:c99extidentifier)";
				SDKROOT = iphoneos;
				SKIP_INSTALL = YES;
				SWIFT_VERSION = 5.0;
				TARGETED_DEVICE_FAMILY = "1,2";
				VERSIONING_SYSTEM = "apple-generic";
				VERSION_INFO_PREFIX = "";
			};
			name = Debug;
		};
		75755DD8F15D6A9A85A5882D /* Release */ = {
			isa = XCBuildConfiguration;
			buildSettings = {
				CLANG_ENABLE_OBJC_WEAK = NO;
				CODE_SIGN_STYLE = Automatic;
				CURRENT_PROJECT_VERSION = 1;
				DEFINES_MODULE = YES;
				DEVELOPMENT_TEAM = "";
				DYLIB_COMPATIBILITY_VERSION = 1;
				DYLIB_CURRENT_VERSION = 1;
				DYLIB_INSTALL_NAME_BASE = "@rpath";
				GENERATE_INFOPLIST_FILE = YES;
				INSTALL_PATH = "$(LOCAL_LIBRARY_DIR)/Frameworks";
				IPHONEOS_DEPLOYMENT_TARGET = 17.0;
				LD_RUNPATH_SEARCH_PATHS = "$(inherited) @executable_path/Frameworks @loader_path/Frameworks";
				MARKETING_VERSION = 0.1.0;
				PRODUCT_BUNDLE_IDENTIFIER = com.seanashe.metronome.rhythmmodel;
				PRODUCT_NAME = "$(TARGET_NAME:c99extidentifier)";
				SDKROOT = iphoneos;
				SKIP_INSTALL = YES;
				SWIFT_VERSION = 5.0;
				TARGETED_DEVICE_FAMILY = "1,2";
				VALIDATE_PRODUCT = YES;
				VERSIONING_SYSTEM = "apple-generic";
				VERSION_INFO_PREFIX = "";
			};
			name = Release;
		};
		77426EE5F118099CEF548D7D /* Release */ = {
			isa = XCBuildConfiguration;
			buildSettings = {
				CLANG_ENABLE_OBJC_WEAK = NO;
				CODE_SIGN_STYLE = Automatic;
				CURRENT_PROJECT_VERSION = 1;
				DEFINES_MODULE = YES;
				DEVELOPMENT_TEAM = "";
				DYLIB_COMPATIBILITY_VERSION = 1;
				DYLIB_CURRENT_VERSION = 1;
				DYLIB_INSTALL_NAME_BASE = "@rpath";
				GENERATE_INFOPLIST_FILE = YES;
				INSTALL_PATH = "$(LOCAL_LIBRARY_DIR)/Frameworks";
				IPHONEOS_DEPLOYMENT_TARGET = 17.0;
				LD_RUNPATH_SEARCH_PATHS = "$(inherited) @executable_path/Frameworks @loader_path/Frameworks";
				MARKETING_VERSION = 0.1.0;
				PRODUCT_BUNDLE_IDENTIFIER = com.seanashe.metronome.persistence;
				PRODUCT_NAME = "$(TARGET_NAME:c99extidentifier)";
				SDKROOT = iphoneos;
				SKIP_INSTALL = YES;
				SWIFT_VERSION = 5.0;
				TARGETED_DEVICE_FAMILY = "1,2";
				VALIDATE_PRODUCT = YES;
				VERSIONING_SYSTEM = "apple-generic";
				VERSION_INFO_PREFIX = "";
			};
			name = Release;
		};
		7E3D422E65C99C804B22C420 /* Release */ = {
			isa = XCBuildConfiguration;
			buildSettings = {
				ASSETCATALOG_COMPILER_APPICON_NAME = AppIcon;
				ASSETCATALOG_COMPILER_GLOBAL_ACCENT_COLOR_NAME = AccentColor;
				CLANG_ENABLE_OBJC_WEAK = NO;
				CODE_SIGN_STYLE = Automatic;
				CURRENT_PROJECT_VERSION = 1;
				DEVELOPMENT_TEAM = "";
				GENERATE_INFOPLIST_FILE = YES;
				INFOPLIST_KEY_CFBundleDisplayName = Pulsecraft;
				INFOPLIST_KEY_LSApplicationCategoryType = "public.app-category.music";
				INFOPLIST_KEY_NSHumanReadableCopyright = "Copyright © 2026 Sean Ashe Music";
				INFOPLIST_KEY_UIApplicationSupportsIndirectInputEvents = YES;
				INFOPLIST_KEY_UILaunchScreen_Generation = YES;
				INFOPLIST_KEY_UISupportedInterfaceOrientations = UIInterfaceOrientationPortrait;
				INFOPLIST_KEY_UISupportedInterfaceOrientations_iPad = "UIInterfaceOrientationPortrait UIInterfaceOrientationPortraitUpsideDown UIInterfaceOrientationLandscapeLeft UIInterfaceOrientationLandscapeRight";
				IPHONEOS_DEPLOYMENT_TARGET = 17.0;
				LD_RUNPATH_SEARCH_PATHS = "$(inherited) @executable_path/Frameworks";
				MARKETING_VERSION = 0.1.0;
				PRODUCT_BUNDLE_IDENTIFIER = com.seanashe.metronome;
				PRODUCT_NAME = Pulsecraft;
				SDKROOT = iphoneos;
				SWIFT_VERSION = 5.0;
				TARGETED_DEVICE_FAMILY = "1,2";
				VALIDATE_PRODUCT = YES;
			};
			name = Release;
		};
		835338EC4D099893624DE298 /* Debug */ = {
			isa = XCBuildConfiguration;
			buildSettings = {
				CLANG_ENABLE_OBJC_WEAK = NO;
				CODE_SIGN_STYLE = Automatic;
				CURRENT_PROJECT_VERSION = 1;
				DEVELOPMENT_TEAM = "";
				GENERATE_INFOPLIST_FILE = YES;
				IPHONEOS_DEPLOYMENT_TARGET = 17.0;
				MARKETING_VERSION = 0.1.0;
				PRODUCT_BUNDLE_IDENTIFIER = com.seanashe.metronome.persistencetests;
				SDKROOT = iphoneos;
				SWIFT_VERSION = 5.0;
				TEST_HOST = "";
			};
			name = Debug;
		};
		83D7677BDF0F03374A28025A /* Debug */ = {
			isa = XCBuildConfiguration;
			buildSettings = {
				CLANG_ENABLE_OBJC_WEAK = NO;
				CODE_SIGN_STYLE = Automatic;
				CURRENT_PROJECT_VERSION = 1;
				DEFINES_MODULE = YES;
				DEVELOPMENT_TEAM = "";
				DYLIB_COMPATIBILITY_VERSION = 1;
				DYLIB_CURRENT_VERSION = 1;
				DYLIB_INSTALL_NAME_BASE = "@rpath";
				GENERATE_INFOPLIST_FILE = YES;
				INSTALL_PATH = "$(LOCAL_LIBRARY_DIR)/Frameworks";
				IPHONEOS_DEPLOYMENT_TARGET = 17.0;
				LD_RUNPATH_SEARCH_PATHS = "$(inherited) @executable_path/Frameworks @loader_path/Frameworks";
				MARKETING_VERSION = 0.1.0;
				PRODUCT_BUNDLE_IDENTIFIER = com.seanashe.metronome.rhythmmodel;
				PRODUCT_NAME = "$(TARGET_NAME:c99extidentifier)";
				SDKROOT = iphoneos;
				SKIP_INSTALL = YES;
				SWIFT_VERSION = 5.0;
				TARGETED_DEVICE_FAMILY = "1,2";
				VERSIONING_SYSTEM = "apple-generic";
				VERSION_INFO_PREFIX = "";
			};
			name = Debug;
		};
		9EA346D5824A617E8E76EF4A /* Release */ = {
			isa = XCBuildConfiguration;
			buildSettings = {
				ALWAYS_SEARCH_USER_PATHS = NO;
				CLANG_ANALYZER_NONNULL = YES;
				CLANG_ANALYZER_NUMBER_OBJECT_CONVERSION = YES_AGGRESSIVE;
				CLANG_CXX_LANGUAGE_STANDARD = "gnu++14";
				CLANG_CXX_LIBRARY = "libc++";
				CLANG_ENABLE_MODULES = YES;
				CLANG_ENABLE_OBJC_ARC = YES;
				CLANG_ENABLE_OBJC_WEAK = YES;
				CLANG_WARN_BLOCK_CAPTURE_AUTORELEASING = YES;
				CLANG_WARN_BOOL_CONVERSION = YES;
				CLANG_WARN_COMMA = YES;
				CLANG_WARN_CONSTANT_CONVERSION = YES;
				CLANG_WARN_DEPRECATED_OBJC_IMPLEMENTATIONS = YES;
				CLANG_WARN_DIRECT_OBJC_ISA_USAGE = YES_ERROR;
				CLANG_WARN_DOCUMENTATION_COMMENTS = YES;
				CLANG_WARN_EMPTY_BODY = YES;
				CLANG_WARN_ENUM_CONVERSION = YES;
				CLANG_WARN_INFINITE_RECURSION = YES;
				CLANG_WARN_INT_CONVERSION = YES;
				CLANG_WARN_NON_LITERAL_NULL_CONVERSION = YES;
				CLANG_WARN_OBJC_IMPLICIT_RETAIN_SELF = YES;
				CLANG_WARN_OBJC_LITERAL_CONVERSION = YES;
				CLANG_WARN_OBJC_ROOT_CLASS = YES_ERROR;
				CLANG_WARN_QUOTED_INCLUDE_IN_FRAMEWORK_HEADER = YES;
				CLANG_WARN_RANGE_LOOP_ANALYSIS = YES;
				CLANG_WARN_STRICT_PROTOTYPES = YES;
				CLANG_WARN_SUSPICIOUS_MOVE = YES;
				CLANG_WARN_UNGUARDED_AVAILABILITY = YES_AGGRESSIVE;
				CLANG_WARN_UNREACHABLE_CODE = YES;
				CLANG_WARN__DUPLICATE_METHOD_MATCH = YES;
				COPY_PHASE_STRIP = NO;
				DEBUG_INFORMATION_FORMAT = "dwarf-with-dsym";
				ENABLE_NS_ASSERTIONS = NO;
				ENABLE_STRICT_OBJC_MSGSEND = YES;
				GCC_C_LANGUAGE_STANDARD = gnu11;
				GCC_NO_COMMON_BLOCKS = YES;
				GCC_WARN_64_TO_32_BIT_CONVERSION = YES;
				GCC_WARN_ABOUT_RETURN_TYPE = YES_ERROR;
				GCC_WARN_UNDECLARED_SELECTOR = YES;
				GCC_WARN_UNINITIALIZED_AUTOS = YES_AGGRESSIVE;
				GCC_WARN_UNUSED_FUNCTION = YES;
				GCC_WARN_UNUSED_VARIABLE = YES;
				MTL_ENABLE_DEBUG_INFO = NO;
				MTL_FAST_MATH = YES;
				PRODUCT_NAME = "$(TARGET_NAME)";
				SWIFT_COMPILATION_MODE = wholemodule;
				SWIFT_OPTIMIZATION_LEVEL = "-O";
				SWIFT_VERSION = 5.0;
			};
			name = Release;
		};
		A2294CF6EA9BCBF53744EFB4 /* Debug */ = {
			isa = XCBuildConfiguration;
			buildSettings = {
				CLANG_ENABLE_OBJC_WEAK = NO;
				CODE_SIGN_STYLE = Automatic;
				CURRENT_PROJECT_VERSION = 1;
				DEVELOPMENT_TEAM = "";
				GENERATE_INFOPLIST_FILE = YES;
				IPHONEOS_DEPLOYMENT_TARGET = 17.0;
				MARKETING_VERSION = 0.1.0;
				PRODUCT_BUNDLE_IDENTIFIER = com.seanashe.metronome.audioenginetests;
				SDKROOT = iphoneos;
				SWIFT_VERSION = 5.0;
				TEST_HOST = "";
			};
			name = Debug;
		};
		CDA1ADACC0890337F5153957 /* Debug */ = {
			isa = XCBuildConfiguration;
			buildSettings = {
				CLANG_ENABLE_OBJC_WEAK = NO;
				CODE_SIGN_STYLE = Automatic;
				CURRENT_PROJECT_VERSION = 1;
				DEVELOPMENT_TEAM = "";
				GENERATE_INFOPLIST_FILE = YES;
				IPHONEOS_DEPLOYMENT_TARGET = 17.0;
				MARKETING_VERSION = 0.1.0;
				PRODUCT_BUNDLE_IDENTIFIER = com.seanashe.metronome.rhythmmodeltests;
				SDKROOT = iphoneos;
				SWIFT_VERSION = 5.0;
				TEST_HOST = "";
			};
			name = Debug;
		};
		D322A7F63F962909AD41C391 /* Debug */ = {
			isa = XCBuildConfiguration;
			buildSettings = {
				ALWAYS_SEARCH_USER_PATHS = NO;
				CLANG_ANALYZER_NONNULL = YES;
				CLANG_ANALYZER_NUMBER_OBJECT_CONVERSION = YES_AGGRESSIVE;
				CLANG_CXX_LANGUAGE_STANDARD = "gnu++14";
				CLANG_CXX_LIBRARY = "libc++";
				CLANG_ENABLE_MODULES = YES;
				CLANG_ENABLE_OBJC_ARC = YES;
				CLANG_ENABLE_OBJC_WEAK = YES;
				CLANG_WARN_BLOCK_CAPTURE_AUTORELEASING = YES;
				CLANG_WARN_BOOL_CONVERSION = YES;
				CLANG_WARN_COMMA = YES;
				CLANG_WARN_CONSTANT_CONVERSION = YES;
				CLANG_WARN_DEPRECATED_OBJC_IMPLEMENTATIONS = YES;
				CLANG_WARN_DIRECT_OBJC_ISA_USAGE = YES_ERROR;
				CLANG_WARN_DOCUMENTATION_COMMENTS = YES;
				CLANG_WARN_EMPTY_BODY = YES;
				CLANG_WARN_ENUM_CONVERSION = YES;
				CLANG_WARN_INFINITE_RECURSION = YES;
				CLANG_WARN_INT_CONVERSION = YES;
				CLANG_WARN_NON_LITERAL_NULL_CONVERSION = YES;
				CLANG_WARN_OBJC_IMPLICIT_RETAIN_SELF = YES;
				CLANG_WARN_OBJC_LITERAL_CONVERSION = YES;
				CLANG_WARN_OBJC_ROOT_CLASS = YES_ERROR;
				CLANG_WARN_QUOTED_INCLUDE_IN_FRAMEWORK_HEADER = YES;
				CLANG_WARN_RANGE_LOOP_ANALYSIS = YES;
				CLANG_WARN_STRICT_PROTOTYPES = YES;
				CLANG_WARN_SUSPICIOUS_MOVE = YES;
				CLANG_WARN_UNGUARDED_AVAILABILITY = YES_AGGRESSIVE;
				CLANG_WARN_UNREACHABLE_CODE = YES;
				CLANG_WARN__DUPLICATE_METHOD_MATCH = YES;
				COPY_PHASE_STRIP = NO;
				DEBUG_INFORMATION_FORMAT = dwarf;
				ENABLE_STRICT_OBJC_MSGSEND = YES;
				ENABLE_TESTABILITY = YES;
				GCC_C_LANGUAGE_STANDARD = gnu11;
				GCC_DYNAMIC_NO_PIC = NO;
				GCC_NO_COMMON_BLOCKS = YES;
				GCC_OPTIMIZATION_LEVEL = 0;
				GCC_PREPROCESSOR_DEFINITIONS = (
					"DEBUG=1",
					"$(inherited)",
				);
				GCC_WARN_64_TO_32_BIT_CONVERSION = YES;
				GCC_WARN_ABOUT_RETURN_TYPE = YES_ERROR;
				GCC_WARN_UNDECLARED_SELECTOR = YES;
				GCC_WARN_UNINITIALIZED_AUTOS = YES_AGGRESSIVE;
				GCC_WARN_UNUSED_FUNCTION = YES;
				GCC_WARN_UNUSED_VARIABLE = YES;
				MTL_ENABLE_DEBUG_INFO = INCLUDE_SOURCE;
				MTL_FAST_MATH = YES;
				ONLY_ACTIVE_ARCH = YES;
				PRODUCT_NAME = "$(TARGET_NAME)";
				SWIFT_ACTIVE_COMPILATION_CONDITIONS = DEBUG;
				SWIFT_OPTIMIZATION_LEVEL = "-Onone";
				SWIFT_VERSION = 5.0;
			};
			name = Debug;
		};
/* End XCBuildConfiguration section */

/* Begin XCConfigurationList section */
		0B7153FA90E30B4D44F1F68F /* Build configuration list for PBXNativeTarget "Persistence" */ = {
			isa = XCConfigurationList;
			buildConfigurations = (
				77426EE5F118099CEF548D7D /* Release */,
				6B9A538040C9E162292CDCD1 /* Debug */,
			);
			defaultConfigurationIsVisible = 0;
			defaultConfigurationName = Release;
		};
		252E5E00C05E7BF4BE29900E /* Build configuration list for PBXNativeTarget "PersistenceTests" */ = {
			isa = XCConfigurationList;
			buildConfigurations = (
				219105D633A5AE381404713E /* Release */,
				835338EC4D099893624DE298 /* Debug */,
			);
			defaultConfigurationIsVisible = 0;
			defaultConfigurationName = Release;
		};
		530FFA0EFDA122C0E1D925BD /* Build configuration list for PBXNativeTarget "AudioEngine" */ = {
			isa = XCConfigurationList;
			buildConfigurations = (
				596E40EE98B2D2E0D1973334 /* Release */,
				28F30AF3BBAF1CDE54098992 /* Debug */,
			);
			defaultConfigurationIsVisible = 0;
			defaultConfigurationName = Release;
		};
		AA1D8EC30BE3761D4936DE6A /* Build configuration list for PBXNativeTarget "RhythmModelTests" */ = {
			isa = XCConfigurationList;
			buildConfigurations = (
				4DFF25F47251715D9E9878E5 /* Release */,
				CDA1ADACC0890337F5153957 /* Debug */,
			);
			defaultConfigurationIsVisible = 0;
			defaultConfigurationName = Release;
		};
		AE529B39E42227E7527F9C9F /* Build configuration list for PBXNativeTarget "Metronome" */ = {
			isa = XCConfigurationList;
			buildConfigurations = (
				7E3D422E65C99C804B22C420 /* Release */,
				1F099B309FB032352592D8EA /* Debug */,
			);
			defaultConfigurationIsVisible = 0;
			defaultConfigurationName = Release;
		};
		C8D4477B9D3F4BC1E36B1344 /* Build configuration list for PBXProject "Metronome" */ = {
			isa = XCConfigurationList;
			buildConfigurations = (
				D322A7F63F962909AD41C391 /* Debug */,
				9EA346D5824A617E8E76EF4A /* Release */,
			);
			defaultConfigurationIsVisible = 0;
			defaultConfigurationName = Release;
		};
		CB5EAFC5EE68844663F2F1DC /* Build configuration list for PBXNativeTarget "AudioEngineTests" */ = {
			isa = XCConfigurationList;
			buildConfigurations = (
				560D84936D2835ACC95C761C /* Release */,
				A2294CF6EA9BCBF53744EFB4 /* Debug */,
			);
			defaultConfigurationIsVisible = 0;
			defaultConfigurationName = Release;
		};
		D2F5B1E9EB81B609E43FC82D /* Build configuration list for PBXNativeTarget "RhythmModel" */ = {
			isa = XCConfigurationList;
			buildConfigurations = (
				75755DD8F15D6A9A85A5882D /* Release */,
				83D7677BDF0F03374A28025A /* Debug */,
			);
			defaultConfigurationIsVisible = 0;
			defaultConfigurationName = Release;
		};
/* End XCConfigurationList section */
	};
	rootObject = 562759B509C31D910CD644AF /* Project object */;
}
